<?xml version="1.0" encoding="utf-8"?>
<Project ToolsVersion="4.0" xmlns="http://schemas.microsoft.com/developer/msbuild/2003">
  <ItemGroup>
    <Filter Include="Main">
      <UniqueIdentifier>{4FC737F1-C7A5-4376-A066-2A32D752A2FF}</UniqueIdentifier>
      <Extensions>cpp;c;cc;cxx;c++;cppm;ixx;def;odl;idl;hpj;bat;asm;asmx</Extensions>
    </Filter>
    <Filter Include="Game">
      <UniqueIdentifier>{661cda53-2e28-4826-8b36-3a488c4a0b1d}</UniqueIdentifier>
    </Filter>
    <Filter Include="Main\Header">
      <UniqueIdentifier>{93995380-89BD-4b04-88EB-625FBE52EBFB}</UniqueIdentifier>
      <Extensions>h;hh;hpp;hxx;h++;hm;inl;inc;ipp;xsd</Extensions>
    </Filter>
    <Filter Include="Game\Scenes">
      <UniqueIdentifier>{bfafa46b-1239-4eec-b07a-b2d859819dd7}</UniqueIdentifier>
    </Filter>
    <Filter Include="Game\Scripts">
      <UniqueIdentifier>{e2f1007d-7c0d-4f14-8bcd-0857e4198f8d}</UniqueIdentifier>
    </Filter>
    <Filter Include="Network">
      <UniqueIdentifier>{c5fcb06a-15a6-414d-bbef-dae7011f2d1f}</UniqueIdentifier>
    </Filter>
    <Filter Include="Network\Protocol">
      <UniqueIdentifier>{c2bfd20e-2c8c-4319-849b-f4e7eb13d9c1}</UniqueIdentifier>
    </Filter>
    <Filter Include="Game\Scripts\Cameras">
      <UniqueIdentifier>{c907d672-18be-430c-9639-a772e34b47a5}</UniqueIdentifier>
    </Filter>
    <Filter Include="Game\Scripts\Player">
      <UniqueIdentifier>{86c36e3d-e922-4300-afda-b2cb481aee29}</UniqueIdentifier>
    </Filter>
    <Filter Include="Game\Scripts\UI">
      <UniqueIdentifier>{1ac44ebb-f72f-4c37-aa42-13552a6a5761}</UniqueIdentifier>
    </Filter>
    <Filter Include="Game\Scripts\Player\Champ">
      <UniqueIdentifier>{1a026f9d-b22d-4e10-affd-68ceb4f37964}</UniqueIdentifier>
    </Filter>
    <Filter Include="Game\Scripts\Player\Champ\Annie">
      <UniqueIdentifier>{7ad75b54-ca48-45e1-baaf-d71fcb04008e}</UniqueIdentifier>
    </Filter>
    <Filter Include="Game\Scripts\Player\Champ\Garen">
      <UniqueIdentifier>{ab94e11c-872b-412d-ab00-124deed4990f}</UniqueIdentifier>
    </Filter>
    <Filter Include="Game\Scripts\Player\Champ\Annie\Skill">
      <UniqueIdentifier>{07a47039-355c-42fc-b846-fa129024b2cf}</UniqueIdentifier>
    </Filter>
    <Filter Include="Game\Scripts\Player\Champ\Garen\Skill">
      <UniqueIdentifier>{78165ba7-717b-4986-832c-944f108ce25b}</UniqueIdentifier>
    </Filter>
    <Filter Include="Game\Scripts\Player\Object">
      <UniqueIdentifier>{f32344d6-8f06-4663-98d5-2a1962e262d9}</UniqueIdentifier>
    </Filter>
    <Filter Include="Shader">
      <UniqueIdentifier>{22201ef0-1cd8-4380-a7b6-b7e4c037613f}</UniqueIdentifier>
    </Filter>
    <Filter Include="Shader\Global">
      <UniqueIdentifier>{1a0c63e5-c0f9-4666-9f0c-3325f8aa345f}</UniqueIdentifier>
    </Filter>
  </ItemGroup>
  <ItemGroup>
    <ClInclude Include="pch.h">
      <Filter>Main\Header</Filter>
    </ClInclude>
    <ClInclude Include="TestScene.h">
      <Filter>Game\Scenes</Filter>
    </ClInclude>
    <ClInclude Include="Main.h">
      <Filter>Main</Filter>
    </ClInclude>
    <ClInclude Include="SceneExcuter.h">
      <Filter>Main</Filter>
    </ClInclude>
    <ClInclude Include="Protocol.pb.h">
      <Filter>Network\Protocol</Filter>
    </ClInclude>
    <ClInclude Include="ClientPacketHandler.h">
      <Filter>Network</Filter>
    </ClInclude>
    <ClInclude Include="ServerSession.h">
      <Filter>Network</Filter>
    </ClInclude>
    <ClInclude Include="Struct.pb.h">
      <Filter>Network\Protocol</Filter>
    </ClInclude>
    <ClInclude Include="Enum.pb.h">
      <Filter>Network\Protocol</Filter>
    </ClInclude>
    <ClInclude Include="CameraController.h">
      <Filter>Game\Scripts\Cameras</Filter>
    </ClInclude>
    <ClInclude Include="EditCameraScript.h">
      <Filter>Game\Scripts\Cameras</Filter>
    </ClInclude>
    <ClInclude Include="OtherPlayerController.h">
      <Filter>Game\Scripts\Player</Filter>
    </ClInclude>
    <ClInclude Include="PlayerController.h">
      <Filter>Game\Scripts\Player</Filter>
    </ClInclude>
    <ClInclude Include="CursorController.h">
      <Filter>Game\Scripts\UI</Filter>
    </ClInclude>
    <ClInclude Include="HUDController.h">
      <Filter>Game\Scripts\UI</Filter>
    </ClInclude>
    <ClInclude Include="SkillIndicatorController.h">
      <Filter>Game\Scripts\UI</Filter>
    </ClInclude>
    <ClInclude Include="AnniePlayerController.h">
      <Filter>Game\Scripts\Player\Champ\Annie</Filter>
    </ClInclude>
    <ClInclude Include="GarenOtherPlayerController.h">
      <Filter>Game\Scripts\Player\Champ\Garen</Filter>
    </ClInclude>
    <ClInclude Include="GarenPlayerController.h">
      <Filter>Game\Scripts\Player\Champ\Garen</Filter>
    </ClInclude>
    <ClInclude Include="AnnieOtherPlayerController.h">
      <Filter>Game\Scripts\Player\Champ\Annie</Filter>
    </ClInclude>
    <ClInclude Include="ISkill.h">
      <Filter>Game\Scripts\Player\Champ</Filter>
    </ClInclude>
    <ClInclude Include="GeneralAttack.h">
      <Filter>Game\Scripts\Player\Champ</Filter>
    </ClInclude>
    <ClInclude Include="BasePlayerController.h">
      <Filter>Game\Scripts\Player</Filter>
    </ClInclude>
    <ClInclude Include="GarenQSpell.h">
      <Filter>Game\Scripts\Player\Champ\Garen\Skill</Filter>
    </ClInclude>
    <ClInclude Include="GarenESpell.h">
      <Filter>Game\Scripts\Player\Champ\Garen\Skill</Filter>
    </ClInclude>
    <ClInclude Include="ProjectileScript.h">
      <Filter>Game\Scripts\Player\Object</Filter>
    </ClInclude>
    <ClInclude Include="AnnieESpell.h">
      <Filter>Game\Scripts\Player\Champ\Annie\Skill</Filter>
    </ClInclude>
    <ClInclude Include="AnnieQSpell.h">
      <Filter>Game\Scripts\Player\Champ\Annie\Skill</Filter>
    </ClInclude>
    <ClInclude Include="AnnieRSpell.h">
      <Filter>Game\Scripts\Player\Champ\Annie\Skill</Filter>
    </ClInclude>
    <ClInclude Include="AnnieWSpell.h">
      <Filter>Game\Scripts\Player\Champ\Annie\Skill</Filter>
    </ClInclude>
    <ClInclude Include="GarenRSpell.h">
      <Filter>Game\Scripts\Player\Champ\Garen\Skill</Filter>
    </ClInclude>
    <ClInclude Include="OtherProjectileScript.h">
      <Filter>Game\Scripts\Player\Object</Filter>
    </ClInclude>
  </ItemGroup>
  <ItemGroup>
    <ClCompile Include="pch.cpp">
      <Filter>Main\Header</Filter>
    </ClCompile>
    <ClCompile Include="TestScene.cpp">
      <Filter>Game\Scenes</Filter>
    </ClCompile>
    <ClCompile Include="Main.cpp">
      <Filter>Main</Filter>
    </ClCompile>
    <ClCompile Include="SceneExcuter.cpp">
      <Filter>Main</Filter>
    </ClCompile>
    <ClCompile Include="Protocol.pb.cc">
      <Filter>Network\Protocol</Filter>
    </ClCompile>
    <ClCompile Include="ServerSession.cpp">
      <Filter>Network</Filter>
    </ClCompile>
    <ClCompile Include="ClientPacketHandler.cpp">
      <Filter>Network</Filter>
    </ClCompile>
    <ClCompile Include="Struct.pb.cc">
      <Filter>Network\Protocol</Filter>
    </ClCompile>
    <ClCompile Include="Enum.pb.cc">
      <Filter>Network\Protocol</Filter>
    </ClCompile>
    <ClCompile Include="CameraController.cpp">
      <Filter>Game\Scripts\Cameras</Filter>
    </ClCompile>
    <ClCompile Include="EditCameraScript.cpp">
      <Filter>Game\Scripts\Cameras</Filter>
    </ClCompile>
    <ClCompile Include="OtherPlayerController.cpp">
      <Filter>Game\Scripts\Player</Filter>
    </ClCompile>
    <ClCompile Include="PlayerController.cpp">
      <Filter>Game\Scripts\Player</Filter>
    </ClCompile>
    <ClCompile Include="CursorController.cpp">
      <Filter>Game\Scripts\UI</Filter>
    </ClCompile>
    <ClCompile Include="HUDController.cpp">
      <Filter>Game\Scripts\UI</Filter>
    </ClCompile>
    <ClCompile Include="SkillIndicatorController.cpp">
      <Filter>Game\Scripts\UI</Filter>
    </ClCompile>
    <ClCompile Include="AnniePlayerController.cpp">
      <Filter>Game\Scripts\Player\Champ\Annie</Filter>
    </ClCompile>
    <ClCompile Include="AnnieOtherPlayerController.cpp">
      <Filter>Game\Scripts\Player\Champ\Annie</Filter>
    </ClCompile>
    <ClCompile Include="GarenOtherPlayerController.cpp">
      <Filter>Game\Scripts\Player\Champ\Garen</Filter>
    </ClCompile>
    <ClCompile Include="GarenPlayerController.cpp">
      <Filter>Game\Scripts\Player\Champ\Garen</Filter>
    </ClCompile>
    <ClCompile Include="GeneralAttack.cpp">
      <Filter>Game\Scripts\Player\Champ</Filter>
    </ClCompile>
    <ClCompile Include="BasePlayerController.cpp">
      <Filter>Game\Scripts\Player</Filter>
    </ClCompile>
    <ClCompile Include="GarenQSpell.cpp">
      <Filter>Game\Scripts\Player\Champ\Garen\Skill</Filter>
    </ClCompile>
    <ClCompile Include="GarenESpell.cpp">
      <Filter>Game\Scripts\Player\Champ\Garen\Skill</Filter>
    </ClCompile>
    <ClCompile Include="ProjectileScript.cpp">
      <Filter>Game\Scripts\Player\Object</Filter>
    </ClCompile>
    <ClCompile Include="AnnieESpell.cpp">
      <Filter>Game\Scripts\Player\Champ\Annie\Skill</Filter>
    </ClCompile>
    <ClCompile Include="AnnieQSpell.cpp">
      <Filter>Game\Scripts\Player\Champ\Annie\Skill</Filter>
    </ClCompile>
    <ClCompile Include="AnnieRSpell.cpp">
      <Filter>Game\Scripts\Player\Champ\Annie\Skill</Filter>
    </ClCompile>
    <ClCompile Include="AnnieWSpell.cpp">
      <Filter>Game\Scripts\Player\Champ\Annie\Skill</Filter>
    </ClCompile>
    <ClCompile Include="GarenRSpell.cpp">
      <Filter>Game\Scripts\Player\Champ\Garen\Skill</Filter>
    </ClCompile>
    <ClCompile Include="OtherProjectileScript.cpp">
      <Filter>Game\Scripts\Player\Object</Filter>
    </ClCompile>
  </ItemGroup>
  <ItemGroup>
    <FxCompile Include="..\Shaders\04. Texture.fx">
      <Filter>Shader</Filter>
    </FxCompile>
    <FxCompile Include="..\Shaders\05. Sampler.fx">
      <Filter>Shader</Filter>
    </FxCompile>
    <FxCompile Include="..\Shaders\06. Terrain.fx">
      <Filter>Shader</Filter>
    </FxCompile>
    <FxCompile Include="..\Shaders\07. Normal.fx">
      <Filter>Shader</Filter>
    </FxCompile>
    <FxCompile Include="..\Shaders\08. GlobalTest.fx">
      <Filter>Shader</Filter>
    </FxCompile>
    <FxCompile Include="..\Shaders\09. Lighting_Ambient.fx">
      <Filter>Shader</Filter>
    </FxCompile>
    <FxCompile Include="..\Shaders\10. Lighting_Diffuse.fx">
      <Filter>Shader</Filter>
    </FxCompile>
    <FxCompile Include="..\Shaders\11. Lighting_Specular.fx">
      <Filter>Shader</Filter>
    </FxCompile>
    <FxCompile Include="..\Shaders\12. Lighting_Emissive.fx">
      <Filter>Shader</Filter>
    </FxCompile>
    <FxCompile Include="..\Shaders\13. Lighting.fx">
      <Filter>Shader</Filter>
    </FxCompile>
    <FxCompile Include="..\Shaders\14. NormalMapping.fx">
      <Filter>Shader</Filter>
    </FxCompile>
    <FxCompile Include="..\Shaders\15. ModelDemo.fx">
      <Filter>Shader</Filter>
    </FxCompile>
    <FxCompile Include="..\Shaders\01. Triangle.fx">
      <Filter>Shader</Filter>
    </FxCompile>
    <FxCompile Include="..\Shaders\02. Quad.fx">
      <Filter>Shader</Filter>
    </FxCompile>
    <FxCompile Include="..\Shaders\03. ConstBuffer.fx">
      <Filter>Shader</Filter>
    </FxCompile>
    <FxCompile Include="..\Shaders\17. TweenDemo.fx">
      <Filter>Shader</Filter>
    </FxCompile>
    <FxCompile Include="..\Shaders\18. SkyDemo.fx">
      <Filter>Shader</Filter>
    </FxCompile>
    <FxCompile Include="..\Shaders\16. AnimationDemo.fx">
      <Filter>Shader</Filter>
    </FxCompile>
    <FxCompile Include="..\Shaders\00. Light.fx">
      <Filter>Shader\Global</Filter>
    </FxCompile>
    <FxCompile Include="..\Shaders\00. Global.fx">
      <Filter>Shader\Global</Filter>
    </FxCompile>
    <FxCompile Include="..\Shaders\00. Render.fx">
      <Filter>Shader\Global</Filter>
    </FxCompile>
    <FxCompile Include="..\Shaders\24. Effect.fx">
      <Filter>Shader</Filter>
    </FxCompile>
    <FxCompile Include="..\Shaders\23. RenderDemo.fx">
      <Filter>Shader</Filter>
    </FxCompile>
  </ItemGroup>
  <ItemGroup>
    <None Include="..\Common\protoc-21.12-win64\bin\GenPackets.bat">
      <Filter>Network\Protocol</Filter>
    </None>
    <None Include="..\Common\protoc-21.12-win64\bin\Enum.proto">
      <Filter>Network\Protocol</Filter>
    </None>
    <None Include="..\Common\protoc-21.12-win64\bin\Protocol.proto">
      <Filter>Network\Protocol</Filter>
    </None>
    <None Include="..\Common\protoc-21.12-win64\bin\Struct.proto">
      <Filter>Network\Protocol</Filter>
    </None>
  </ItemGroup>
</Project>