Microsoft Visual Studio Solution File, Format Version 12.00
# Visual Studio Version 17
VisualStudioVersion = 17.0.31314.256
MinimumVisualStudioVersion = 10.0.40219.1
Project("{2150E333-8FDC-42A3-9474-1A3956D46DE8}") = "Automation", "Automation", "{0BFBE63A-B98A-3411-8EEB-8918FEC737B3}"
EndProject
Project("{2150E333-8FDC-42A3-9474-1A3956D46DE8}") = "Engine", "Engine", "{233774A8-CC9D-3FA9-86D1-90573E92B704}"
EndProject
Project("{2150E333-8FDC-42A3-9474-1A3956D46DE8}") = "Games", "Games", "{DE1F8B53-6C02-3C13-9101-A7C8D96F3FF6}"
EndProject
Project("{2150E333-8FDC-42A3-9474-1A3956D46DE8}") = "Programs", "Programs", "{A338B9E2-A559-34BE-A46D-F789DD488FAD}"
EndProject
Project("{2150E333-8FDC-42A3-9474-1A3956D46DE8}") = "Rules", "Rules", "{C2F57ECE-B26F-39D8-BDA7-C1D40BD8F180}"
EndProject
Project("{2150E333-8FDC-42A3-9474-1A3956D46DE8}") = "Shared", "Shared", "{57713676-9DBE-331C-AD10-26632AC9EE0C}"
EndProject
Project("{2150E333-8FDC-42A3-9474-1A3956D46DE8}") = "UnrealBuildTool.Plugins", "UnrealBuildTool.Plugins", "{7B5CFB44-F0FB-31DF-AE62-C3C096A29A7B}"
EndProject
Project("{8BC9CEB8-8B4A-11D0-8D11-00A0C91BC942}") = "LyraClone", "Intermediate\ProjectFiles\LyraClone.vcxproj", "{9C87EBCB-FEB6-37EE-A73E-D61BA9354162}"
	ProjectSection(ProjectDependencies) = postProject
		{989A14ED-E1C8-3708-8D03-42FEEF29F7BA} = {989A14ED-E1C8-3708-8D03-42FEEF29F7BA}
	EndProjectSection
EndProject
Project("{8BC9CEB8-8B4A-11D0-8D11-00A0C91BC942}") = "UE5", "Intermediate\ProjectFiles\UE5.vcxproj", "{D5C8F481-4EDB-3D4E-8650-583282D19DEB}"
EndProject
Project("{FAE04EC0-301F-11D3-BF4B-00C04F79EFBC}") = "UnrealBuildTool", "D:\GameEngine\Epic Games\UE_5.4\Engine\Source\Programs\UnrealBuildTool\UnrealBuildTool.csproj", "{989A14ED-E1C8-3708-8D03-42FEEF29F7BA}"
EndProject
Project("{FAE04EC0-301F-11D3-BF4B-00C04F79EFBC}") = "AutomationTool", "D:\GameEngine\Epic Games\UE_5.4\Engine\Source\Programs\AutomationTool\AutomationTool.csproj", "{BF40B26A-5453-3A61-A56B-A16A9F396354}"
EndProject
Project("{FAE04EC0-301F-11D3-BF4B-00C04F79EFBC}") = "Android.Automation", "D:\GameEngine\Epic Games\UE_5.4\Engine\Source\Programs\AutomationTool\Android\Android.Automation.csproj", "{53D29D5D-E18E-3B4C-BB71-69198CA90327}"
EndProject
Project("{FAE04EC0-301F-11D3-BF4B-00C04F79EFBC}") = "Apple.Automation", "D:\GameEngine\Epic Games\UE_5.4\Engine\Source\Programs\AutomationTool\Apple\Apple.Automation.csproj", "{6848E31E-59B8-3857-8F3A-067BBE335D04}"
EndProject
Project("{FAE04EC0-301F-11D3-BF4B-00C04F79EFBC}") = "AutomationUtils.Automation", "D:\GameEngine\Epic Games\UE_5.4\Engine\Source\Programs\AutomationTool\AutomationUtils\AutomationUtils.Automation.csproj", "{A11C8A1F-EA8E-39BB-81E7-4BF16C9931CD}"
EndProject
Project("{FAE04EC0-301F-11D3-BF4B-00C04F79EFBC}") = "BuildGraph.Automation", "D:\GameEngine\Epic Games\UE_5.4\Engine\Source\Programs\AutomationTool\BuildGraph\BuildGraph.Automation.csproj", "{7011202F-74B8-3CAC-A7C2-50FA60C0F349}"
EndProject
Project("{FAE04EC0-301F-11D3-BF4B-00C04F79EFBC}") = "CookedEditor.Automation", "D:\GameEngine\Epic Games\UE_5.4\Engine\Source\Programs\AutomationTool\CookedEditor\CookedEditor.Automation.csproj", "{821E188D-DD24-3A8C-A136-163E8443AD6C}"
EndProject
Project("{FAE04EC0-301F-11D3-BF4B-00C04F79EFBC}") = "CrowdinLocalization.Automation", "D:\GameEngine\Epic Games\UE_5.4\Engine\Source\Programs\AutomationTool\CrowdinLocalization\CrowdinLocalization.Automation.csproj", "{0BA6BE34-4A60-36C2-9DBC-4A28CB45BB29}"
EndProject
Project("{FAE04EC0-301F-11D3-BF4B-00C04F79EFBC}") = "Gauntlet.Automation", "D:\GameEngine\Epic Games\UE_5.4\Engine\Source\Programs\AutomationTool\Gauntlet\Gauntlet.Automation.csproj", "{A3688341-DAE2-3F6A-9B9A-36A3C2A83366}"
EndProject
Project("{FAE04EC0-301F-11D3-BF4B-00C04F79EFBC}") = "IOS.Automation", "D:\GameEngine\Epic Games\UE_5.4\Engine\Source\Programs\AutomationTool\IOS\IOS.Automation.csproj", "{4B98156E-53BE-3186-AB39-C184D55476C4}"
EndProject
Project("{FAE04EC0-301F-11D3-BF4B-00C04F79EFBC}") = "Linux.Automation", "D:\GameEngine\Epic Games\UE_5.4\Engine\Source\Programs\AutomationTool\Linux\Linux.Automation.csproj", "{61028ED2-CF22-3553-8423-C46A4FDAE64A}"
EndProject
Project("{FAE04EC0-301F-11D3-BF4B-00C04F79EFBC}") = "Localization.Automation", "D:\GameEngine\Epic Games\UE_5.4\Engine\Source\Programs\AutomationTool\Localization\Localization.Automation.csproj", "{EDF0D83D-F80C-3EDE-8B5B-6834BE8DCF46}"
EndProject
Project("{FAE04EC0-301F-11D3-BF4B-00C04F79EFBC}") = "LowLevelTests.Automation", "D:\GameEngine\Epic Games\UE_5.4\Engine\Source\Programs\AutomationTool\LowLevelTests\LowLevelTests.Automation.csproj", "{91EA1167-736F-3470-9C7C-7F71C3514B02}"
EndProject
Project("{FAE04EC0-301F-11D3-BF4B-00C04F79EFBC}") = "Mac.Automation", "D:\GameEngine\Epic Games\UE_5.4\Engine\Source\Programs\AutomationTool\Mac\Mac.Automation.csproj", "{34659669-D907-3914-B264-42875D7BD6ED}"
EndProject
Project("{FAE04EC0-301F-11D3-BF4B-00C04F79EFBC}") = "OneSkyLocalization.Automation", "D:\GameEngine\Epic Games\UE_5.4\Engine\Source\Programs\AutomationTool\OneSkyLocalization\OneSkyLocalization.Automation.csproj", "{2A94E2C9-46A7-3A19-8258-9DF27A8C11F7}"
EndProject
Project("{FAE04EC0-301F-11D3-BF4B-00C04F79EFBC}") = "AutomationScripts.Automation", "D:\GameEngine\Epic Games\UE_5.4\Engine\Source\Programs\AutomationTool\Scripts\AutomationScripts.Automation.csproj", "{F5E62F50-EB6D-373C-8C3C-5610451C0D24}"
EndProject
Project("{FAE04EC0-301F-11D3-BF4B-00C04F79EFBC}") = "SmartlingLocalization.Automation", "D:\GameEngine\Epic Games\UE_5.4\Engine\Source\Programs\AutomationTool\SmartlingLocalization\SmartlingLocalization.Automation.csproj", "{7C95637F-A3A7-338C-90CC-BB1CFF17F551}"
EndProject
Project("{FAE04EC0-301F-11D3-BF4B-00C04F79EFBC}") = "SteamDeck.Automation", "D:\GameEngine\Epic Games\UE_5.4\Engine\Source\Programs\AutomationTool\SteamDeck\SteamDeck.Automation.csproj", "{389A624D-C77C-3D78-9A60-3D86786A579A}"
EndProject
Project("{FAE04EC0-301F-11D3-BF4B-00C04F79EFBC}") = "TVOS.Automation", "D:\GameEngine\Epic Games\UE_5.4\Engine\Source\Programs\AutomationTool\TVOS\TVOS.Automation.csproj", "{C3AD10DD-0975-3542-8CB2-4FC9AF8F6E73}"
EndProject
Project("{FAE04EC0-301F-11D3-BF4B-00C04F79EFBC}") = "Turnkey.Automation", "D:\GameEngine\Epic Games\UE_5.4\Engine\Source\Programs\AutomationTool\Turnkey\Turnkey.Automation.csproj", "{C3AAF3F7-8A0F-3F85-87E9-79FF892E1B8B}"
EndProject
Project("{FAE04EC0-301F-11D3-BF4B-00C04F79EFBC}") = "Win.Automation", "D:\GameEngine\Epic Games\UE_5.4\Engine\Source\Programs\AutomationTool\Win\Win.Automation.csproj", "{91F5AD2A-AACA-3AC9-903D-083F88630B7A}"
EndProject
Project("{FAE04EC0-301F-11D3-BF4B-00C04F79EFBC}") = "XLocLocalization.Automation", "D:\GameEngine\Epic Games\UE_5.4\Engine\Source\Programs\AutomationTool\XLocLocalization\XLocLocalization.Automation.csproj", "{3CD46555-1F84-3142-9C2D-4BE4B1645E81}"
EndProject
Project("{FAE04EC0-301F-11D3-BF4B-00C04F79EFBC}") = "VisionOS.Automation", "D:\GameEngine\Epic Games\UE_5.4\Engine\Platforms\VisionOS\Source\Programs\AutomationTool\VisionOS.Automation.csproj", "{30FC2A45-0D68-3254-A98D-0AC2CCF80217}"
EndProject
Project("{FAE04EC0-301F-11D3-BF4B-00C04F79EFBC}") = "ScriptGeneratorUbtPlugin.ubtplugin", "D:\GameEngine\Epic Games\UE_5.4\Engine\Plugins\ScriptPlugin\Source\ScriptGeneratorUbtPlugin\ScriptGeneratorUbtPlugin.ubtplugin.csproj", "{00571FBE-E65B-346C-B9BC-4AA214133E6B}"
EndProject
Project("{FAE04EC0-301F-11D3-BF4B-00C04F79EFBC}") = "EpicGames.AspNet", "D:\GameEngine\Epic Games\UE_5.4\Engine\Source\Programs\Shared\EpicGames.AspNet\EpicGames.AspNet.csproj", "{08D722DA-3EBA-390E-B0CE-F52EB6DDEA4E}"
EndProject
Project("{FAE04EC0-301F-11D3-BF4B-00C04F79EFBC}") = "EpicGames.Build", "D:\GameEngine\Epic Games\UE_5.4\Engine\Source\Programs\Shared\EpicGames.Build\EpicGames.Build.csproj", "{526F8013-6FFC-32F4-8A4F-2126BF2BEA42}"
EndProject
Project("{FAE04EC0-301F-11D3-BF4B-00C04F79EFBC}") = "EpicGames.BuildGraph", "D:\GameEngine\Epic Games\UE_5.4\Engine\Source\Programs\Shared\EpicGames.BuildGraph\EpicGames.BuildGraph.csproj", "{DD5A76EE-1D23-3E57-AEAF-C9A7CC2153C0}"
EndProject
Project("{FAE04EC0-301F-11D3-BF4B-00C04F79EFBC}") = "EpicGames.Core", "D:\GameEngine\Epic Games\UE_5.4\Engine\Source\Programs\Shared\EpicGames.Core\EpicGames.Core.csproj", "{CE0322E9-8E74-3CF2-B039-30601A034BF1}"
EndProject
Project("{FAE04EC0-301F-11D3-BF4B-00C04F79EFBC}") = "EpicGames.Horde", "D:\GameEngine\Epic Games\UE_5.4\Engine\Source\Programs\Shared\EpicGames.Horde\EpicGames.Horde.csproj", "{38EE9DC2-D6B9-3132-8033-6FE61C32E697}"
EndProject
Project("{FAE04EC0-301F-11D3-BF4B-00C04F79EFBC}") = "EpicGames.IoHash", "D:\GameEngine\Epic Games\UE_5.4\Engine\Source\Programs\Shared\EpicGames.IoHash\EpicGames.IoHash.csproj", "{0B970A8F-01E4-3EE7-B1C1-D61CDFAAF2FB}"
EndProject
Project("{FAE04EC0-301F-11D3-BF4B-00C04F79EFBC}") = "EpicGames.Jupiter", "D:\GameEngine\Epic Games\UE_5.4\Engine\Source\Programs\Shared\EpicGames.Jupiter\EpicGames.Jupiter.csproj", "{149E9313-4BDA-3ABC-8C1E-24A1F17081EE}"
EndProject
Project("{FAE04EC0-301F-11D3-BF4B-00C04F79EFBC}") = "EpicGames.MongoDB", "D:\GameEngine\Epic Games\UE_5.4\Engine\Source\Programs\Shared\EpicGames.MongoDB\EpicGames.MongoDB.csproj", "{75E64106-86D6-39E2-8A70-D89B21968C9C}"
EndProject
Project("{FAE04EC0-301F-11D3-BF4B-00C04F79EFBC}") = "EpicGames.MsBuild", "D:\GameEngine\Epic Games\UE_5.4\Engine\Source\Programs\Shared\EpicGames.MsBuild\EpicGames.MsBuild.csproj", "{EDE0AB5B-84FF-3DF6-91DB-0D9C67801A2D}"
EndProject
Project("{FAE04EC0-301F-11D3-BF4B-00C04F79EFBC}") = "EpicGames.OIDC", "D:\GameEngine\Epic Games\UE_5.4\Engine\Source\Programs\Shared\EpicGames.OIDC\EpicGames.OIDC.csproj", "{970322C5-A6F8-3335-AE2A-EA8C099689A9}"
EndProject
Project("{FAE04EC0-301F-11D3-BF4B-00C04F79EFBC}") = "EpicGames.Oodle", "D:\GameEngine\Epic Games\UE_5.4\Engine\Source\Programs\Shared\EpicGames.Oodle\EpicGames.Oodle.csproj", "{DCB4BA07-0C32-3671-94EC-2DD8EE81EB6E}"
EndProject
Project("{FAE04EC0-301F-11D3-BF4B-00C04F79EFBC}") = "EpicGames.Perforce", "D:\GameEngine\Epic Games\UE_5.4\Engine\Source\Programs\Shared\EpicGames.Perforce\EpicGames.Perforce.csproj", "{815687F3-50AD-36D7-AC5D-96D0BD4E9D91}"
EndProject
Project("{FAE04EC0-301F-11D3-BF4B-00C04F79EFBC}") = "EpicGames.Perforce.Fixture", "D:\GameEngine\Epic Games\UE_5.4\Engine\Source\Programs\Shared\EpicGames.Perforce.Fixture\EpicGames.Perforce.Fixture.csproj", "{7F90B310-78D2-36FF-BA79-FC72392450C7}"
EndProject
Project("{FAE04EC0-301F-11D3-BF4B-00C04F79EFBC}") = "EpicGames.Perforce.Managed", "D:\GameEngine\Epic Games\UE_5.4\Engine\Source\Programs\Shared\EpicGames.Perforce.Managed\EpicGames.Perforce.Managed.csproj", "{0F6B8878-AD87-32C2-AAEB-5ED19A6B86BE}"
EndProject
Project("{FAE04EC0-301F-11D3-BF4B-00C04F79EFBC}") = "EpicGames.ProjectStore", "D:\GameEngine\Epic Games\UE_5.4\Engine\Source\Programs\Shared\EpicGames.ProjectStore\EpicGames.ProjectStore.csproj", "{54EB651C-95AB-3C3E-93C5-7086E4E6F01F}"
EndProject
Project("{FAE04EC0-301F-11D3-BF4B-00C04F79EFBC}") = "EpicGames.Redis", "D:\GameEngine\Epic Games\UE_5.4\Engine\Source\Programs\Shared\EpicGames.Redis\EpicGames.Redis.csproj", "{427307E8-8B9F-33C7-966C-5DFD5F7A8427}"
EndProject
Project("{FAE04EC0-301F-11D3-BF4B-00C04F79EFBC}") = "EpicGames.Serialization", "D:\GameEngine\Epic Games\UE_5.4\Engine\Source\Programs\Shared\EpicGames.Serialization\EpicGames.Serialization.csproj", "{28C8590A-7317-3C21-8F12-73465706BA6B}"
EndProject
Project("{FAE04EC0-301F-11D3-BF4B-00C04F79EFBC}") = "EpicGames.Slack", "D:\GameEngine\Epic Games\UE_5.4\Engine\Source\Programs\Shared\EpicGames.Slack\EpicGames.Slack.csproj", "{490537D3-86B6-33F6-A2A8-FF501553E563}"
EndProject
Project("{FAE04EC0-301F-11D3-BF4B-00C04F79EFBC}") = "EpicGames.Tracing", "D:\GameEngine\Epic Games\UE_5.4\Engine\Source\Programs\Shared\EpicGames.Tracing\EpicGames.Tracing.csproj", "{A5BA05FC-3E95-3E14-A901-CDDB234C3F61}"
EndProject
Project("{FAE04EC0-301F-11D3-BF4B-00C04F79EFBC}") = "EpicGames.UBA", "D:\GameEngine\Epic Games\UE_5.4\Engine\Source\Programs\Shared\EpicGames.UBA\EpicGames.UBA.csproj", "{65EF2535-3DE6-387C-B79D-066B7F17192F}"
EndProject
Project("{FAE04EC0-301F-11D3-BF4B-00C04F79EFBC}") = "EpicGames.UHT", "D:\GameEngine\Epic Games\UE_5.4\Engine\Source\Programs\Shared\EpicGames.UHT\EpicGames.UHT.csproj", "{75AF92F5-95A2-3C8C-A656-8B8C6617297F}"
EndProject
Project("{9A19103F-16F7-4668-BE54-9A1E7A4F7556}") = "LyraCloneModuleRules", "Intermediate\Build\BuildRulesProjects\LyraCloneModuleRules\LyraCloneModuleRules.csproj", "{4A32E549-A8ED-3BE5-9525-101375679248}"
EndProject
Project("{FAE04EC0-301F-11D3-BF4B-00C04F79EFBC}") = "MarketplaceRules", "D:\GameEngine\Epic Games\UE_5.4\Engine\Intermediate\Build\BuildRulesProjects\MarketplaceRules\MarketplaceRules.csproj", "{78300FB0-3EC7-343C-BC53-61A67B798C9E}"
EndProject
Project("{FAE04EC0-301F-11D3-BF4B-00C04F79EFBC}") = "UE5ProgramRules", "D:\GameEngine\Epic Games\UE_5.4\Engine\Intermediate\Build\BuildRulesProjects\UE5ProgramRules\UE5ProgramRules.csproj", "{F9FA6B36-B3BB-3786-B4BF-BD53DC680351}"
EndProject
Project("{FAE04EC0-301F-11D3-BF4B-00C04F79EFBC}") = "UE5Rules", "D:\GameEngine\Epic Games\UE_5.4\Engine\Intermediate\Build\BuildRulesProjects\UE5Rules\UE5Rules.csproj", "{978D24EA-553D-3D7C-A709-1C13D8D20A42}"
EndProject
Project("{2150E333-8FDC-42A3-9474-1A3956D46DE8}") = "Visualizers", "Visualizers", "{1CCEC849-CC72-4C59-8C36-2F7C38706D4C}"
	ProjectSection(SolutionItems) = preProject
		D:\GameEngine\Epic Games\UE_5.4\Engine\Extras\VisualStudioDebugging\Unreal.natvis = D:\GameEngine\Epic Games\UE_5.4\Engine\Extras\VisualStudioDebugging\Unreal.natvis
	EndProjectSection
EndProject
Global
	GlobalSection(SolutionConfigurationPlatforms) = preSolution
		DebugGame Editor|Win64 = DebugGame Editor|Win64
		DebugGame Editor|Win64-arm64 = DebugGame Editor|Win64-arm64
		DebugGame Editor|Win64-arm64ec = DebugGame Editor|Win64-arm64ec
		Development Editor|Win64 = Development Editor|Win64
		Development Editor|Win64-arm64 = Development Editor|Win64-arm64
		Development Editor|Win64-arm64ec = Development Editor|Win64-arm64ec
	EndGlobalSection
	GlobalSection(ProjectConfigurationPlatforms) = postSolution
		{9C87EBCB-FEB6-37EE-A73E-D61BA9354162}.DebugGame Editor|Win64.ActiveCfg = DebugGame_Editor|x64
		{9C87EBCB-FEB6-37EE-A73E-D61BA9354162}.DebugGame Editor|Win64.Build.0 = DebugGame_Editor|x64
		{9C87EBCB-FEB6-37EE-A73E-D61BA9354162}.DebugGame Editor|Win64-arm64.ActiveCfg = Win64_arm64_DebugGame_Editor|x64
		{9C87EBCB-FEB6-37EE-A73E-D61BA9354162}.DebugGame Editor|Win64-arm64.Build.0 = Win64_arm64_DebugGame_Editor|x64
		{9C87EBCB-FEB6-37EE-A73E-D61BA9354162}.DebugGame Editor|Win64-arm64ec.ActiveCfg = Win64_arm64ec_DebugGame_Editor|x64
		{9C87EBCB-FEB6-37EE-A73E-D61BA9354162}.DebugGame Editor|Win64-arm64ec.Build.0 = Win64_arm64ec_DebugGame_Editor|x64
		{9C87EBCB-FEB6-37EE-A73E-D61BA9354162}.Development Editor|Win64.ActiveCfg = Development_Editor|x64
		{9C87EBCB-FEB6-37EE-A73E-D61BA9354162}.Development Editor|Win64.Build.0 = Development_Editor|x64
		{9C87EBCB-FEB6-37EE-A73E-D61BA9354162}.Development Editor|Win64-arm64.ActiveCfg = Win64_arm64_Development_Editor|x64
		{9C87EBCB-FEB6-37EE-A73E-D61BA9354162}.Development Editor|Win64-arm64.Build.0 = Win64_arm64_Development_Editor|x64
		{9C87EBCB-FEB6-37EE-A73E-D61BA9354162}.Development Editor|Win64-arm64ec.ActiveCfg = Win64_arm64ec_Development_Editor|x64
		{9C87EBCB-FEB6-37EE-A73E-D61BA9354162}.Development Editor|Win64-arm64ec.Build.0 = Win64_arm64ec_Development_Editor|x64
		{D5C8F481-4EDB-3D4E-8650-583282D19DEB}.DebugGame Editor|Win64.ActiveCfg = BuiltWithUnrealBuildTool|Win64
		{D5C8F481-4EDB-3D4E-8650-583282D19DEB}.DebugGame Editor|Win64-arm64.ActiveCfg = BuiltWithUnrealBuildTool|Win64
		{D5C8F481-4EDB-3D4E-8650-583282D19DEB}.DebugGame Editor|Win64-arm64ec.ActiveCfg = BuiltWithUnrealBuildTool|Win64
		{D5C8F481-4EDB-3D4E-8650-583282D19DEB}.Development Editor|Win64.ActiveCfg = BuiltWithUnrealBuildTool|Win64
		{D5C8F481-4EDB-3D4E-8650-583282D19DEB}.Development Editor|Win64-arm64.ActiveCfg = BuiltWithUnrealBuildTool|Win64
		{D5C8F481-4EDB-3D4E-8650-583282D19DEB}.Development Editor|Win64-arm64ec.ActiveCfg = BuiltWithUnrealBuildTool|Win64
		{989A14ED-E1C8-3708-8D03-42FEEF29F7BA}.DebugGame Editor|Win64.ActiveCfg = Development|Any CPU
		{989A14ED-E1C8-3708-8D03-42FEEF29F7BA}.DebugGame Editor|Win64.Build.0 = Development|Any CPU
		{989A14ED-E1C8-3708-8D03-42FEEF29F7BA}.DebugGame Editor|Win64-arm64.ActiveCfg = Development|Any CPU
		{989A14ED-E1C8-3708-8D03-42FEEF29F7BA}.DebugGame Editor|Win64-arm64.Build.0 = Development|Any CPU
		{989A14ED-E1C8-3708-8D03-42FEEF29F7BA}.DebugGame Editor|Win64-arm64ec.ActiveCfg = Development|Any CPU
		{989A14ED-E1C8-3708-8D03-42FEEF29F7BA}.DebugGame Editor|Win64-arm64ec.Build.0 = Development|Any CPU
		{989A14ED-E1C8-3708-8D03-42FEEF29F7BA}.Development Editor|Win64.ActiveCfg = Development|Any CPU
		{989A14ED-E1C8-3708-8D03-42FEEF29F7BA}.Development Editor|Win64.Build.0 = Development|Any CPU
		{989A14ED-E1C8-3708-8D03-42FEEF29F7BA}.Development Editor|Win64-arm64.ActiveCfg = Development|Any CPU
		{989A14ED-E1C8-3708-8D03-42FEEF29F7BA}.Development Editor|Win64-arm64.Build.0 = Development|Any CPU
		{989A14ED-E1C8-3708-8D03-42FEEF29F7BA}.Development Editor|Win64-arm64ec.ActiveCfg = Development|Any CPU
		{989A14ED-E1C8-3708-8D03-42FEEF29F7BA}.Development Editor|Win64-arm64ec.Build.0 = Development|Any CPU
		{BF40B26A-5453-3A61-A56B-A16A9F396354}.DebugGame Editor|Win64.ActiveCfg = Development|Any CPU
		{BF40B26A-5453-3A61-A56B-A16A9F396354}.DebugGame Editor|Win64.Build.0 = Development|Any CPU
		{BF40B26A-5453-3A61-A56B-A16A9F396354}.DebugGame Editor|Win64-arm64.ActiveCfg = Development|Any CPU
		{BF40B26A-5453-3A61-A56B-A16A9F396354}.DebugGame Editor|Win64-arm64.Build.0 = Development|Any CPU
		{BF40B26A-5453-3A61-A56B-A16A9F396354}.DebugGame Editor|Win64-arm64ec.ActiveCfg = Development|Any CPU
		{BF40B26A-5453-3A61-A56B-A16A9F396354}.DebugGame Editor|Win64-arm64ec.Build.0 = Development|Any CPU
		{BF40B26A-5453-3A61-A56B-A16A9F396354}.Development Editor|Win64.ActiveCfg = Development|Any CPU
		{BF40B26A-5453-3A61-A56B-A16A9F396354}.Development Editor|Win64.Build.0 = Development|Any CPU
		{BF40B26A-5453-3A61-A56B-A16A9F396354}.Development Editor|Win64-arm64.ActiveCfg = Development|Any CPU
		{BF40B26A-5453-3A61-A56B-A16A9F396354}.Development Editor|Win64-arm64.Build.0 = Development|Any CPU
		{BF40B26A-5453-3A61-A56B-A16A9F396354}.Development Editor|Win64-arm64ec.ActiveCfg = Development|Any CPU
		{BF40B26A-5453-3A61-A56B-A16A9F396354}.Development Editor|Win64-arm64ec.Build.0 = Development|Any CPU
		{53D29D5D-E18E-3B4C-BB71-69198CA90327}.DebugGame Editor|Win64.ActiveCfg = Development|Any CPU
		{53D29D5D-E18E-3B4C-BB71-69198CA90327}.DebugGame Editor|Win64.Build.0 = Development|Any CPU
		{53D29D5D-E18E-3B4C-BB71-69198CA90327}.DebugGame Editor|Win64-arm64.ActiveCfg = Development|Any CPU
		{53D29D5D-E18E-3B4C-BB71-69198CA90327}.DebugGame Editor|Win64-arm64.Build.0 = Development|Any CPU
		{53D29D5D-E18E-3B4C-BB71-69198CA90327}.DebugGame Editor|Win64-arm64ec.ActiveCfg = Development|Any CPU
		{53D29D5D-E18E-3B4C-BB71-69198CA90327}.DebugGame Editor|Win64-arm64ec.Build.0 = Development|Any CPU
		{53D29D5D-E18E-3B4C-BB71-69198CA90327}.Development Editor|Win64.ActiveCfg = Development|Any CPU
		{53D29D5D-E18E-3B4C-BB71-69198CA90327}.Development Editor|Win64.Build.0 = Development|Any CPU
		{53D29D5D-E18E-3B4C-BB71-69198CA90327}.Development Editor|Win64-arm64.ActiveCfg = Development|Any CPU
		{53D29D5D-E18E-3B4C-BB71-69198CA90327}.Development Editor|Win64-arm64.Build.0 = Development|Any CPU
		{53D29D5D-E18E-3B4C-BB71-69198CA90327}.Development Editor|Win64-arm64ec.ActiveCfg = Development|Any CPU
		{53D29D5D-E18E-3B4C-BB71-69198CA90327}.Development Editor|Win64-arm64ec.Build.0 = Development|Any CPU
		{6848E31E-59B8-3857-8F3A-067BBE335D04}.DebugGame Editor|Win64.ActiveCfg = Development|Any CPU
		{6848E31E-59B8-3857-8F3A-067BBE335D04}.DebugGame Editor|Win64.Build.0 = Development|Any CPU
		{6848E31E-59B8-3857-8F3A-067BBE335D04}.DebugGame Editor|Win64-arm64.ActiveCfg = Development|Any CPU
		{6848E31E-59B8-3857-8F3A-067BBE335D04}.DebugGame Editor|Win64-arm64.Build.0 = Development|Any CPU
		{6848E31E-59B8-3857-8F3A-067BBE335D04}.DebugGame Editor|Win64-arm64ec.ActiveCfg = Development|Any CPU
		{6848E31E-59B8-3857-8F3A-067BBE335D04}.DebugGame Editor|Win64-arm64ec.Build.0 = Development|Any CPU
		{6848E31E-59B8-3857-8F3A-067BBE335D04}.Development Editor|Win64.ActiveCfg = Development|Any CPU
		{6848E31E-59B8-3857-8F3A-067BBE335D04}.Development Editor|Win64.Build.0 = Development|Any CPU
		{6848E31E-59B8-3857-8F3A-067BBE335D04}.Development Editor|Win64-arm64.ActiveCfg = Development|Any CPU
		{6848E31E-59B8-3857-8F3A-067BBE335D04}.Development Editor|Win64-arm64.Build.0 = Development|Any CPU
		{6848E31E-59B8-3857-8F3A-067BBE335D04}.Development Editor|Win64-arm64ec.ActiveCfg = Development|Any CPU
		{6848E31E-59B8-3857-8F3A-067BBE335D04}.Development Editor|Win64-arm64ec.Build.0 = Development|Any CPU
		{A11C8A1F-EA8E-39BB-81E7-4BF16C9931CD}.DebugGame Editor|Win64.ActiveCfg = Development|Any CPU
		{A11C8A1F-EA8E-39BB-81E7-4BF16C9931CD}.DebugGame Editor|Win64.Build.0 = Development|Any CPU
		{A11C8A1F-EA8E-39BB-81E7-4BF16C9931CD}.DebugGame Editor|Win64-arm64.ActiveCfg = Development|Any CPU
		{A11C8A1F-EA8E-39BB-81E7-4BF16C9931CD}.DebugGame Editor|Win64-arm64.Build.0 = Development|Any CPU
		{A11C8A1F-EA8E-39BB-81E7-4BF16C9931CD}.DebugGame Editor|Win64-arm64ec.ActiveCfg = Development|Any CPU
		{A11C8A1F-EA8E-39BB-81E7-4BF16C9931CD}.DebugGame Editor|Win64-arm64ec.Build.0 = Development|Any CPU
		{A11C8A1F-EA8E-39BB-81E7-4BF16C9931CD}.Development Editor|Win64.ActiveCfg = Development|Any CPU
		{A11C8A1F-EA8E-39BB-81E7-4BF16C9931CD}.Development Editor|Win64.Build.0 = Development|Any CPU
		{A11C8A1F-EA8E-39BB-81E7-4BF16C9931CD}.Development Editor|Win64-arm64.ActiveCfg = Development|Any CPU
		{A11C8A1F-EA8E-39BB-81E7-4BF16C9931CD}.Development Editor|Win64-arm64.Build.0 = Development|Any CPU
		{A11C8A1F-EA8E-39BB-81E7-4BF16C9931CD}.Development Editor|Win64-arm64ec.ActiveCfg = Development|Any CPU
		{A11C8A1F-EA8E-39BB-81E7-4BF16C9931CD}.Development Editor|Win64-arm64ec.Build.0 = Development|Any CPU
		{7011202F-74B8-3CAC-A7C2-50FA60C0F349}.DebugGame Editor|Win64.ActiveCfg = Development|Any CPU
		{7011202F-74B8-3CAC-A7C2-50FA60C0F349}.DebugGame Editor|Win64.Build.0 = Development|Any CPU
		{7011202F-74B8-3CAC-A7C2-50FA60C0F349}.DebugGame Editor|Win64-arm64.ActiveCfg = Development|Any CPU
		{7011202F-74B8-3CAC-A7C2-50FA60C0F349}.DebugGame Editor|Win64-arm64.Build.0 = Development|Any CPU
		{7011202F-74B8-3CAC-A7C2-50FA60C0F349}.DebugGame Editor|Win64-arm64ec.ActiveCfg = Development|Any CPU
		{7011202F-74B8-3CAC-A7C2-50FA60C0F349}.DebugGame Editor|Win64-arm64ec.Build.0 = Development|Any CPU
		{7011202F-74B8-3CAC-A7C2-50FA60C0F349}.Development Editor|Win64.ActiveCfg = Development|Any CPU
		{7011202F-74B8-3CAC-A7C2-50FA60C0F349}.Development Editor|Win64.Build.0 = Development|Any CPU
		{7011202F-74B8-3CAC-A7C2-50FA60C0F349}.Development Editor|Win64-arm64.ActiveCfg = Development|Any CPU
		{7011202F-74B8-3CAC-A7C2-50FA60C0F349}.Development Editor|Win64-arm64.Build.0 = Development|Any CPU
		{7011202F-74B8-3CAC-A7C2-50FA60C0F349}.Development Editor|Win64-arm64ec.ActiveCfg = Development|Any CPU
		{7011202F-74B8-3CAC-A7C2-50FA60C0F349}.Development Editor|Win64-arm64ec.Build.0 = Development|Any CPU
		{821E188D-DD24-3A8C-A136-163E8443AD6C}.DebugGame Editor|Win64.ActiveCfg = Development|Any CPU
		{821E188D-DD24-3A8C-A136-163E8443AD6C}.DebugGame Editor|Win64.Build.0 = Development|Any CPU
		{821E188D-DD24-3A8C-A136-163E8443AD6C}.DebugGame Editor|Win64-arm64.ActiveCfg = Development|Any CPU
		{821E188D-DD24-3A8C-A136-163E8443AD6C}.DebugGame Editor|Win64-arm64.Build.0 = Development|Any CPU
		{821E188D-DD24-3A8C-A136-163E8443AD6C}.DebugGame Editor|Win64-arm64ec.ActiveCfg = Development|Any CPU
		{821E188D-DD24-3A8C-A136-163E8443AD6C}.DebugGame Editor|Win64-arm64ec.Build.0 = Development|Any CPU
		{821E188D-DD24-3A8C-A136-163E8443AD6C}.Development Editor|Win64.ActiveCfg = Development|Any CPU
		{821E188D-DD24-3A8C-A136-163E8443AD6C}.Development Editor|Win64.Build.0 = Development|Any CPU
		{821E188D-DD24-3A8C-A136-163E8443AD6C}.Development Editor|Win64-arm64.ActiveCfg = Development|Any CPU
		{821E188D-DD24-3A8C-A136-163E8443AD6C}.Development Editor|Win64-arm64.Build.0 = Development|Any CPU
		{821E188D-DD24-3A8C-A136-163E8443AD6C}.Development Editor|Win64-arm64ec.ActiveCfg = Development|Any CPU
		{821E188D-DD24-3A8C-A136-163E8443AD6C}.Development Editor|Win64-arm64ec.Build.0 = Development|Any CPU
		{0BA6BE34-4A60-36C2-9DBC-4A28CB45BB29}.DebugGame Editor|Win64.ActiveCfg = Development|Any CPU
		{0BA6BE34-4A60-36C2-9DBC-4A28CB45BB29}.DebugGame Editor|Win64.Build.0 = Development|Any CPU
		{0BA6BE34-4A60-36C2-9DBC-4A28CB45BB29}.DebugGame Editor|Win64-arm64.ActiveCfg = Development|Any CPU
		{0BA6BE34-4A60-36C2-9DBC-4A28CB45BB29}.DebugGame Editor|Win64-arm64.Build.0 = Development|Any CPU
		{0BA6BE34-4A60-36C2-9DBC-4A28CB45BB29}.DebugGame Editor|Win64-arm64ec.ActiveCfg = Development|Any CPU
		{0BA6BE34-4A60-36C2-9DBC-4A28CB45BB29}.DebugGame Editor|Win64-arm64ec.Build.0 = Development|Any CPU
		{0BA6BE34-4A60-36C2-9DBC-4A28CB45BB29}.Development Editor|Win64.ActiveCfg = Development|Any CPU
		{0BA6BE34-4A60-36C2-9DBC-4A28CB45BB29}.Development Editor|Win64.Build.0 = Development|Any CPU
		{0BA6BE34-4A60-36C2-9DBC-4A28CB45BB29}.Development Editor|Win64-arm64.ActiveCfg = Development|Any CPU
		{0BA6BE34-4A60-36C2-9DBC-4A28CB45BB29}.Development Editor|Win64-arm64.Build.0 = Development|Any CPU
		{0BA6BE34-4A60-36C2-9DBC-4A28CB45BB29}.Development Editor|Win64-arm64ec.ActiveCfg = Development|Any CPU
		{0BA6BE34-4A60-36C2-9DBC-4A28CB45BB29}.Development Editor|Win64-arm64ec.Build.0 = Development|Any CPU
		{A3688341-DAE2-3F6A-9B9A-36A3C2A83366}.DebugGame Editor|Win64.ActiveCfg = Development|Any CPU
		{A3688341-DAE2-3F6A-9B9A-36A3C2A83366}.DebugGame Editor|Win64.Build.0 = Development|Any CPU
		{A3688341-DAE2-3F6A-9B9A-36A3C2A83366}.DebugGame Editor|Win64-arm64.ActiveCfg = Development|Any CPU
		{A3688341-DAE2-3F6A-9B9A-36A3C2A83366}.DebugGame Editor|Win64-arm64.Build.0 = Development|Any CPU
		{A3688341-DAE2-3F6A-9B9A-36A3C2A83366}.DebugGame Editor|Win64-arm64ec.ActiveCfg = Development|Any CPU
		{A3688341-DAE2-3F6A-9B9A-36A3C2A83366}.DebugGame Editor|Win64-arm64ec.Build.0 = Development|Any CPU
		{A3688341-DAE2-3F6A-9B9A-36A3C2A83366}.Development Editor|Win64.ActiveCfg = Development|Any CPU
		{A3688341-DAE2-3F6A-9B9A-36A3C2A83366}.Development Editor|Win64.Build.0 = Development|Any CPU
		{A3688341-DAE2-3F6A-9B9A-36A3C2A83366}.Development Editor|Win64-arm64.ActiveCfg = Development|Any CPU
		{A3688341-DAE2-3F6A-9B9A-36A3C2A83366}.Development Editor|Win64-arm64.Build.0 = Development|Any CPU
		{A3688341-DAE2-3F6A-9B9A-36A3C2A83366}.Development Editor|Win64-arm64ec.ActiveCfg = Development|Any CPU
		{A3688341-DAE2-3F6A-9B9A-36A3C2A83366}.Development Editor|Win64-arm64ec.Build.0 = Development|Any CPU
		{4B98156E-53BE-3186-AB39-C184D55476C4}.DebugGame Editor|Win64.ActiveCfg = Development|Any CPU
		{4B98156E-53BE-3186-AB39-C184D55476C4}.DebugGame Editor|Win64.Build.0 = Development|Any CPU
		{4B98156E-53BE-3186-AB39-C184D55476C4}.DebugGame Editor|Win64-arm64.ActiveCfg = Development|Any CPU
		{4B98156E-53BE-3186-AB39-C184D55476C4}.DebugGame Editor|Win64-arm64.Build.0 = Development|Any CPU
		{4B98156E-53BE-3186-AB39-C184D55476C4}.DebugGame Editor|Win64-arm64ec.ActiveCfg = Development|Any CPU
		{4B98156E-53BE-3186-AB39-C184D55476C4}.DebugGame Editor|Win64-arm64ec.Build.0 = Development|Any CPU
		{4B98156E-53BE-3186-AB39-C184D55476C4}.Development Editor|Win64.ActiveCfg = Development|Any CPU
		{4B98156E-53BE-3186-AB39-C184D55476C4}.Development Editor|Win64.Build.0 = Development|Any CPU
		{4B98156E-53BE-3186-AB39-C184D55476C4}.Development Editor|Win64-arm64.ActiveCfg = Development|Any CPU
		{4B98156E-53BE-3186-AB39-C184D55476C4}.Development Editor|Win64-arm64.Build.0 = Development|Any CPU
		{4B98156E-53BE-3186-AB39-C184D55476C4}.Development Editor|Win64-arm64ec.ActiveCfg = Development|Any CPU
		{4B98156E-53BE-3186-AB39-C184D55476C4}.Development Editor|Win64-arm64ec.Build.0 = Development|Any CPU
		{61028ED2-CF22-3553-8423-C46A4FDAE64A}.DebugGame Editor|Win64.ActiveCfg = Development|Any CPU
		{61028ED2-CF22-3553-8423-C46A4FDAE64A}.DebugGame Editor|Win64.Build.0 = Development|Any CPU
		{61028ED2-CF22-3553-8423-C46A4FDAE64A}.DebugGame Editor|Win64-arm64.ActiveCfg = Development|Any CPU
		{61028ED2-CF22-3553-8423-C46A4FDAE64A}.DebugGame Editor|Win64-arm64.Build.0 = Development|Any CPU
		{61028ED2-CF22-3553-8423-C46A4FDAE64A}.DebugGame Editor|Win64-arm64ec.ActiveCfg = Development|Any CPU
		{61028ED2-CF22-3553-8423-C46A4FDAE64A}.DebugGame Editor|Win64-arm64ec.Build.0 = Development|Any CPU
		{61028ED2-CF22-3553-8423-C46A4FDAE64A}.Development Editor|Win64.ActiveCfg = Development|Any CPU
		{61028ED2-CF22-3553-8423-C46A4FDAE64A}.Development Editor|Win64.Build.0 = Development|Any CPU
		{61028ED2-CF22-3553-8423-C46A4FDAE64A}.Development Editor|Win64-arm64.ActiveCfg = Development|Any CPU
		{61028ED2-CF22-3553-8423-C46A4FDAE64A}.Development Editor|Win64-arm64.Build.0 = Development|Any CPU
		{61028ED2-CF22-3553-8423-C46A4FDAE64A}.Development Editor|Win64-arm64ec.ActiveCfg = Development|Any CPU
		{61028ED2-CF22-3553-8423-C46A4FDAE64A}.Development Editor|Win64-arm64ec.Build.0 = Development|Any CPU
		{EDF0D83D-F80C-3EDE-8B5B-6834BE8DCF46}.DebugGame Editor|Win64.ActiveCfg = Development|Any CPU
		{EDF0D83D-F80C-3EDE-8B5B-6834BE8DCF46}.DebugGame Editor|Win64.Build.0 = Development|Any CPU
		{EDF0D83D-F80C-3EDE-8B5B-6834BE8DCF46}.DebugGame Editor|Win64-arm64.ActiveCfg = Development|Any CPU
		{EDF0D83D-F80C-3EDE-8B5B-6834BE8DCF46}.DebugGame Editor|Win64-arm64.Build.0 = Development|Any CPU
		{EDF0D83D-F80C-3EDE-8B5B-6834BE8DCF46}.DebugGame Editor|Win64-arm64ec.ActiveCfg = Development|Any CPU
		{EDF0D83D-F80C-3EDE-8B5B-6834BE8DCF46}.DebugGame Editor|Win64-arm64ec.Build.0 = Development|Any CPU
		{EDF0D83D-F80C-3EDE-8B5B-6834BE8DCF46}.Development Editor|Win64.ActiveCfg = Development|Any CPU
		{EDF0D83D-F80C-3EDE-8B5B-6834BE8DCF46}.Development Editor|Win64.Build.0 = Development|Any CPU
		{EDF0D83D-F80C-3EDE-8B5B-6834BE8DCF46}.Development Editor|Win64-arm64.ActiveCfg = Development|Any CPU
		{EDF0D83D-F80C-3EDE-8B5B-6834BE8DCF46}.Development Editor|Win64-arm64.Build.0 = Development|Any CPU
		{EDF0D83D-F80C-3EDE-8B5B-6834BE8DCF46}.Development Editor|Win64-arm64ec.ActiveCfg = Development|Any CPU
		{EDF0D83D-F80C-3EDE-8B5B-6834BE8DCF46}.Development Editor|Win64-arm64ec.Build.0 = Development|Any CPU
		{91EA1167-736F-3470-9C7C-7F71C3514B02}.DebugGame Editor|Win64.ActiveCfg = Development|Any CPU
		{91EA1167-736F-3470-9C7C-7F71C3514B02}.DebugGame Editor|Win64.Build.0 = Development|Any CPU
		{91EA1167-736F-3470-9C7C-7F71C3514B02}.DebugGame Editor|Win64-arm64.ActiveCfg = Development|Any CPU
		{91EA1167-736F-3470-9C7C-7F71C3514B02}.DebugGame Editor|Win64-arm64.Build.0 = Development|Any CPU
		{91EA1167-736F-3470-9C7C-7F71C3514B02}.DebugGame Editor|Win64-arm64ec.ActiveCfg = Development|Any CPU
		{91EA1167-736F-3470-9C7C-7F71C3514B02}.DebugGame Editor|Win64-arm64ec.Build.0 = Development|Any CPU
		{91EA1167-736F-3470-9C7C-7F71C3514B02}.Development Editor|Win64.ActiveCfg = Development|Any CPU
		{91EA1167-736F-3470-9C7C-7F71C3514B02}.Development Editor|Win64.Build.0 = Development|Any CPU
		{91EA1167-736F-3470-9C7C-7F71C3514B02}.Development Editor|Win64-arm64.ActiveCfg = Development|Any CPU
		{91EA1167-736F-3470-9C7C-7F71C3514B02}.Development Editor|Win64-arm64.Build.0 = Development|Any CPU
		{91EA1167-736F-3470-9C7C-7F71C3514B02}.Development Editor|Win64-arm64ec.ActiveCfg = Development|Any CPU
		{91EA1167-736F-3470-9C7C-7F71C3514B02}.Development Editor|Win64-arm64ec.Build.0 = Development|Any CPU
		{34659669-D907-3914-B264-42875D7BD6ED}.DebugGame Editor|Win64.ActiveCfg = Development|Any CPU
		{34659669-D907-3914-B264-42875D7BD6ED}.DebugGame Editor|Win64.Build.0 = Development|Any CPU
		{34659669-D907-3914-B264-42875D7BD6ED}.DebugGame Editor|Win64-arm64.ActiveCfg = Development|Any CPU
		{34659669-D907-3914-B264-42875D7BD6ED}.DebugGame Editor|Win64-arm64.Build.0 = Development|Any CPU
		{34659669-D907-3914-B264-42875D7BD6ED}.DebugGame Editor|Win64-arm64ec.ActiveCfg = Development|Any CPU
		{34659669-D907-3914-B264-42875D7BD6ED}.DebugGame Editor|Win64-arm64ec.Build.0 = Development|Any CPU
		{34659669-D907-3914-B264-42875D7BD6ED}.Development Editor|Win64.ActiveCfg = Development|Any CPU
		{34659669-D907-3914-B264-42875D7BD6ED}.Development Editor|Win64.Build.0 = Development|Any CPU
		{34659669-D907-3914-B264-42875D7BD6ED}.Development Editor|Win64-arm64.ActiveCfg = Development|Any CPU
		{34659669-D907-3914-B264-42875D7BD6ED}.Development Editor|Win64-arm64.Build.0 = Development|Any CPU
		{34659669-D907-3914-B264-42875D7BD6ED}.Development Editor|Win64-arm64ec.ActiveCfg = Development|Any CPU
		{34659669-D907-3914-B264-42875D7BD6ED}.Development Editor|Win64-arm64ec.Build.0 = Development|Any CPU
		{2A94E2C9-46A7-3A19-8258-9DF27A8C11F7}.DebugGame Editor|Win64.ActiveCfg = Development|Any CPU
		{2A94E2C9-46A7-3A19-8258-9DF27A8C11F7}.DebugGame Editor|Win64.Build.0 = Development|Any CPU
		{2A94E2C9-46A7-3A19-8258-9DF27A8C11F7}.DebugGame Editor|Win64-arm64.ActiveCfg = Development|Any CPU
		{2A94E2C9-46A7-3A19-8258-9DF27A8C11F7}.DebugGame Editor|Win64-arm64.Build.0 = Development|Any CPU
		{2A94E2C9-46A7-3A19-8258-9DF27A8C11F7}.DebugGame Editor|Win64-arm64ec.ActiveCfg = Development|Any CPU
		{2A94E2C9-46A7-3A19-8258-9DF27A8C11F7}.DebugGame Editor|Win64-arm64ec.Build.0 = Development|Any CPU
		{2A94E2C9-46A7-3A19-8258-9DF27A8C11F7}.Development Editor|Win64.ActiveCfg = Development|Any CPU
		{2A94E2C9-46A7-3A19-8258-9DF27A8C11F7}.Development Editor|Win64.Build.0 = Development|Any CPU
		{2A94E2C9-46A7-3A19-8258-9DF27A8C11F7}.Development Editor|Win64-arm64.ActiveCfg = Development|Any CPU
		{2A94E2C9-46A7-3A19-8258-9DF27A8C11F7}.Development Editor|Win64-arm64.Build.0 = Development|Any CPU
		{2A94E2C9-46A7-3A19-8258-9DF27A8C11F7}.Development Editor|Win64-arm64ec.ActiveCfg = Development|Any CPU
		{2A94E2C9-46A7-3A19-8258-9DF27A8C11F7}.Development Editor|Win64-arm64ec.Build.0 = Development|Any CPU
		{F5E62F50-EB6D-373C-8C3C-5610451C0D24}.DebugGame Editor|Win64.ActiveCfg = Development|Any CPU
		{F5E62F50-EB6D-373C-8C3C-5610451C0D24}.DebugGame Editor|Win64.Build.0 = Development|Any CPU
		{F5E62F50-EB6D-373C-8C3C-5610451C0D24}.DebugGame Editor|Win64-arm64.ActiveCfg = Development|Any CPU
		{F5E62F50-EB6D-373C-8C3C-5610451C0D24}.DebugGame Editor|Win64-arm64.Build.0 = Development|Any CPU
		{F5E62F50-EB6D-373C-8C3C-5610451C0D24}.DebugGame Editor|Win64-arm64ec.ActiveCfg = Development|Any CPU
		{F5E62F50-EB6D-373C-8C3C-5610451C0D24}.DebugGame Editor|Win64-arm64ec.Build.0 = Development|Any CPU
		{F5E62F50-EB6D-373C-8C3C-5610451C0D24}.Development Editor|Win64.ActiveCfg = Development|Any CPU
		{F5E62F50-EB6D-373C-8C3C-5610451C0D24}.Development Editor|Win64.Build.0 = Development|Any CPU
		{F5E62F50-EB6D-373C-8C3C-5610451C0D24}.Development Editor|Win64-arm64.ActiveCfg = Development|Any CPU
		{F5E62F50-EB6D-373C-8C3C-5610451C0D24}.Development Editor|Win64-arm64.Build.0 = Development|Any CPU
		{F5E62F50-EB6D-373C-8C3C-5610451C0D24}.Development Editor|Win64-arm64ec.ActiveCfg = Development|Any CPU
		{F5E62F50-EB6D-373C-8C3C-5610451C0D24}.Development Editor|Win64-arm64ec.Build.0 = Development|Any CPU
		{7C95637F-A3A7-338C-90CC-BB1CFF17F551}.DebugGame Editor|Win64.ActiveCfg = Development|Any CPU
		{7C95637F-A3A7-338C-90CC-BB1CFF17F551}.DebugGame Editor|Win64.Build.0 = Development|Any CPU
		{7C95637F-A3A7-338C-90CC-BB1CFF17F551}.DebugGame Editor|Win64-arm64.ActiveCfg = Development|Any CPU
		{7C95637F-A3A7-338C-90CC-BB1CFF17F551}.DebugGame Editor|Win64-arm64.Build.0 = Development|Any CPU
		{7C95637F-A3A7-338C-90CC-BB1CFF17F551}.DebugGame Editor|Win64-arm64ec.ActiveCfg = Development|Any CPU
		{7C95637F-A3A7-338C-90CC-BB1CFF17F551}.DebugGame Editor|Win64-arm64ec.Build.0 = Development|Any CPU
		{7C95637F-A3A7-338C-90CC-BB1CFF17F551}.Development Editor|Win64.ActiveCfg = Development|Any CPU
		{7C95637F-A3A7-338C-90CC-BB1CFF17F551}.Development Editor|Win64.Build.0 = Development|Any CPU
		{7C95637F-A3A7-338C-90CC-BB1CFF17F551}.Development Editor|Win64-arm64.ActiveCfg = Development|Any CPU
		{7C95637F-A3A7-338C-90CC-BB1CFF17F551}.Development Editor|Win64-arm64.Build.0 = Development|Any CPU
		{7C95637F-A3A7-338C-90CC-BB1CFF17F551}.Development Editor|Win64-arm64ec.ActiveCfg = Development|Any CPU
		{7C95637F-A3A7-338C-90CC-BB1CFF17F551}.Development Editor|Win64-arm64ec.Build.0 = Development|Any CPU
		{389A624D-C77C-3D78-9A60-3D86786A579A}.DebugGame Editor|Win64.ActiveCfg = Development|Any CPU
		{389A624D-C77C-3D78-9A60-3D86786A579A}.DebugGame Editor|Win64.Build.0 = Development|Any CPU
		{389A624D-C77C-3D78-9A60-3D86786A579A}.DebugGame Editor|Win64-arm64.ActiveCfg = Development|Any CPU
		{389A624D-C77C-3D78-9A60-3D86786A579A}.DebugGame Editor|Win64-arm64.Build.0 = Development|Any CPU
		{389A624D-C77C-3D78-9A60-3D86786A579A}.DebugGame Editor|Win64-arm64ec.ActiveCfg = Development|Any CPU
		{389A624D-C77C-3D78-9A60-3D86786A579A}.DebugGame Editor|Win64-arm64ec.Build.0 = Development|Any CPU
		{389A624D-C77C-3D78-9A60-3D86786A579A}.Development Editor|Win64.ActiveCfg = Development|Any CPU
		{389A624D-C77C-3D78-9A60-3D86786A579A}.Development Editor|Win64.Build.0 = Development|Any CPU
		{389A624D-C77C-3D78-9A60-3D86786A579A}.Development Editor|Win64-arm64.ActiveCfg = Development|Any CPU
		{389A624D-C77C-3D78-9A60-3D86786A579A}.Development Editor|Win64-arm64.Build.0 = Development|Any CPU
		{389A624D-C77C-3D78-9A60-3D86786A579A}.Development Editor|Win64-arm64ec.ActiveCfg = Development|Any CPU
		{389A624D-C77C-3D78-9A60-3D86786A579A}.Development Editor|Win64-arm64ec.Build.0 = Development|Any CPU
		{C3AD10DD-0975-3542-8CB2-4FC9AF8F6E73}.DebugGame Editor|Win64.ActiveCfg = Development|Any CPU
		{C3AD10DD-0975-3542-8CB2-4FC9AF8F6E73}.DebugGame Editor|Win64.Build.0 = Development|Any CPU
		{C3AD10DD-0975-3542-8CB2-4FC9AF8F6E73}.DebugGame Editor|Win64-arm64.ActiveCfg = Development|Any CPU
		{C3AD10DD-0975-3542-8CB2-4FC9AF8F6E73}.DebugGame Editor|Win64-arm64.Build.0 = Development|Any CPU
		{C3AD10DD-0975-3542-8CB2-4FC9AF8F6E73}.DebugGame Editor|Win64-arm64ec.ActiveCfg = Development|Any CPU
		{C3AD10DD-0975-3542-8CB2-4FC9AF8F6E73}.DebugGame Editor|Win64-arm64ec.Build.0 = Development|Any CPU
		{C3AD10DD-0975-3542-8CB2-4FC9AF8F6E73}.Development Editor|Win64.ActiveCfg = Development|Any CPU
		{C3AD10DD-0975-3542-8CB2-4FC9AF8F6E73}.Development Editor|Win64.Build.0 = Development|Any CPU
		{C3AD10DD-0975-3542-8CB2-4FC9AF8F6E73}.Development Editor|Win64-arm64.ActiveCfg = Development|Any CPU
		{C3AD10DD-0975-3542-8CB2-4FC9AF8F6E73}.Development Editor|Win64-arm64.Build.0 = Development|Any CPU
		{C3AD10DD-0975-3542-8CB2-4FC9AF8F6E73}.Development Editor|Win64-arm64ec.ActiveCfg = Development|Any CPU
		{C3AD10DD-0975-3542-8CB2-4FC9AF8F6E73}.Development Editor|Win64-arm64ec.Build.0 = Development|Any CPU
		{C3AAF3F7-8A0F-3F85-87E9-79FF892E1B8B}.DebugGame Editor|Win64.ActiveCfg = Development|Any CPU
		{C3AAF3F7-8A0F-3F85-87E9-79FF892E1B8B}.DebugGame Editor|Win64.Build.0 = Development|Any CPU
		{C3AAF3F7-8A0F-3F85-87E9-79FF892E1B8B}.DebugGame Editor|Win64-arm64.ActiveCfg = Development|Any CPU
		{C3AAF3F7-8A0F-3F85-87E9-79FF892E1B8B}.DebugGame Editor|Win64-arm64.Build.0 = Development|Any CPU
		{C3AAF3F7-8A0F-3F85-87E9-79FF892E1B8B}.DebugGame Editor|Win64-arm64ec.ActiveCfg = Development|Any CPU
		{C3AAF3F7-8A0F-3F85-87E9-79FF892E1B8B}.DebugGame Editor|Win64-arm64ec.Build.0 = Development|Any CPU
		{C3AAF3F7-8A0F-3F85-87E9-79FF892E1B8B}.Development Editor|Win64.ActiveCfg = Development|Any CPU
		{C3AAF3F7-8A0F-3F85-87E9-79FF892E1B8B}.Development Editor|Win64.Build.0 = Development|Any CPU
		{C3AAF3F7-8A0F-3F85-87E9-79FF892E1B8B}.Development Editor|Win64-arm64.ActiveCfg = Development|Any CPU
		{C3AAF3F7-8A0F-3F85-87E9-79FF892E1B8B}.Development Editor|Win64-arm64.Build.0 = Development|Any CPU
		{C3AAF3F7-8A0F-3F85-87E9-79FF892E1B8B}.Development Editor|Win64-arm64ec.ActiveCfg = Development|Any CPU
		{C3AAF3F7-8A0F-3F85-87E9-79FF892E1B8B}.Development Editor|Win64-arm64ec.Build.0 = Development|Any CPU
		{91F5AD2A-AACA-3AC9-903D-083F88630B7A}.DebugGame Editor|Win64.ActiveCfg = Development|Any CPU
		{91F5AD2A-AACA-3AC9-903D-083F88630B7A}.DebugGame Editor|Win64.Build.0 = Development|Any CPU
		{91F5AD2A-AACA-3AC9-903D-083F88630B7A}.DebugGame Editor|Win64-arm64.ActiveCfg = Development|Any CPU
		{91F5AD2A-AACA-3AC9-903D-083F88630B7A}.DebugGame Editor|Win64-arm64.Build.0 = Development|Any CPU
		{91F5AD2A-AACA-3AC9-903D-083F88630B7A}.DebugGame Editor|Win64-arm64ec.ActiveCfg = Development|Any CPU
		{91F5AD2A-AACA-3AC9-903D-083F88630B7A}.DebugGame Editor|Win64-arm64ec.Build.0 = Development|Any CPU
		{91F5AD2A-AACA-3AC9-903D-083F88630B7A}.Development Editor|Win64.ActiveCfg = Development|Any CPU
		{91F5AD2A-AACA-3AC9-903D-083F88630B7A}.Development Editor|Win64.Build.0 = Development|Any CPU
		{91F5AD2A-AACA-3AC9-903D-083F88630B7A}.Development Editor|Win64-arm64.ActiveCfg = Development|Any CPU
		{91F5AD2A-AACA-3AC9-903D-083F88630B7A}.Development Editor|Win64-arm64.Build.0 = Development|Any CPU
		{91F5AD2A-AACA-3AC9-903D-083F88630B7A}.Development Editor|Win64-arm64ec.ActiveCfg = Development|Any CPU
		{91F5AD2A-AACA-3AC9-903D-083F88630B7A}.Development Editor|Win64-arm64ec.Build.0 = Development|Any CPU
		{3CD46555-1F84-3142-9C2D-4BE4B1645E81}.DebugGame Editor|Win64.ActiveCfg = Development|Any CPU
		{3CD46555-1F84-3142-9C2D-4BE4B1645E81}.DebugGame Editor|Win64.Build.0 = Development|Any CPU
		{3CD46555-1F84-3142-9C2D-4BE4B1645E81}.DebugGame Editor|Win64-arm64.ActiveCfg = Development|Any CPU
		{3CD46555-1F84-3142-9C2D-4BE4B1645E81}.DebugGame Editor|Win64-arm64.Build.0 = Development|Any CPU
		{3CD46555-1F84-3142-9C2D-4BE4B1645E81}.DebugGame Editor|Win64-arm64ec.ActiveCfg = Development|Any CPU
		{3CD46555-1F84-3142-9C2D-4BE4B1645E81}.DebugGame Editor|Win64-arm64ec.Build.0 = Development|Any CPU
		{3CD46555-1F84-3142-9C2D-4BE4B1645E81}.Development Editor|Win64.ActiveCfg = Development|Any CPU
		{3CD46555-1F84-3142-9C2D-4BE4B1645E81}.Development Editor|Win64.Build.0 = Development|Any CPU
		{3CD46555-1F84-3142-9C2D-4BE4B1645E81}.Development Editor|Win64-arm64.ActiveCfg = Development|Any CPU
		{3CD46555-1F84-3142-9C2D-4BE4B1645E81}.Development Editor|Win64-arm64.Build.0 = Development|Any CPU
		{3CD46555-1F84-3142-9C2D-4BE4B1645E81}.Development Editor|Win64-arm64ec.ActiveCfg = Development|Any CPU
		{3CD46555-1F84-3142-9C2D-4BE4B1645E81}.Development Editor|Win64-arm64ec.Build.0 = Development|Any CPU
		{30FC2A45-0D68-3254-A98D-0AC2CCF80217}.DebugGame Editor|Win64.ActiveCfg = Development|Any CPU
		{30FC2A45-0D68-3254-A98D-0AC2CCF80217}.DebugGame Editor|Win64.Build.0 = Development|Any CPU
		{30FC2A45-0D68-3254-A98D-0AC2CCF80217}.DebugGame Editor|Win64-arm64.ActiveCfg = Development|Any CPU
		{30FC2A45-0D68-3254-A98D-0AC2CCF80217}.DebugGame Editor|Win64-arm64.Build.0 = Development|Any CPU
		{30FC2A45-0D68-3254-A98D-0AC2CCF80217}.DebugGame Editor|Win64-arm64ec.ActiveCfg = Development|Any CPU
		{30FC2A45-0D68-3254-A98D-0AC2CCF80217}.DebugGame Editor|Win64-arm64ec.Build.0 = Development|Any CPU
		{30FC2A45-0D68-3254-A98D-0AC2CCF80217}.Development Editor|Win64.ActiveCfg = Development|Any CPU
		{30FC2A45-0D68-3254-A98D-0AC2CCF80217}.Development Editor|Win64.Build.0 = Development|Any CPU
		{30FC2A45-0D68-3254-A98D-0AC2CCF80217}.Development Editor|Win64-arm64.ActiveCfg = Development|Any CPU
		{30FC2A45-0D68-3254-A98D-0AC2CCF80217}.Development Editor|Win64-arm64.Build.0 = Development|Any CPU
		{30FC2A45-0D68-3254-A98D-0AC2CCF80217}.Development Editor|Win64-arm64ec.ActiveCfg = Development|Any CPU
		{30FC2A45-0D68-3254-A98D-0AC2CCF80217}.Development Editor|Win64-arm64ec.Build.0 = Development|Any CPU
		{00571FBE-E65B-346C-B9BC-4AA214133E6B}.DebugGame Editor|Win64.ActiveCfg = Development|Any CPU
		{00571FBE-E65B-346C-B9BC-4AA214133E6B}.DebugGame Editor|Win64.Build.0 = Development|Any CPU
		{00571FBE-E65B-346C-B9BC-4AA214133E6B}.DebugGame Editor|Win64-arm64.ActiveCfg = Development|Any CPU
		{00571FBE-E65B-346C-B9BC-4AA214133E6B}.DebugGame Editor|Win64-arm64.Build.0 = Development|Any CPU
		{00571FBE-E65B-346C-B9BC-4AA214133E6B}.DebugGame Editor|Win64-arm64ec.ActiveCfg = Development|Any CPU
		{00571FBE-E65B-346C-B9BC-4AA214133E6B}.DebugGame Editor|Win64-arm64ec.Build.0 = Development|Any CPU
		{00571FBE-E65B-346C-B9BC-4AA214133E6B}.Development Editor|Win64.ActiveCfg = Development|Any CPU
		{00571FBE-E65B-346C-B9BC-4AA214133E6B}.Development Editor|Win64.Build.0 = Development|Any CPU
		{00571FBE-E65B-346C-B9BC-4AA214133E6B}.Development Editor|Win64-arm64.ActiveCfg = Development|Any CPU
		{00571FBE-E65B-346C-B9BC-4AA214133E6B}.Development Editor|Win64-arm64.Build.0 = Development|Any CPU
		{00571FBE-E65B-346C-B9BC-4AA214133E6B}.Development Editor|Win64-arm64ec.ActiveCfg = Development|Any CPU
		{00571FBE-E65B-346C-B9BC-4AA214133E6B}.Development Editor|Win64-arm64ec.Build.0 = Development|Any CPU
		{08D722DA-3EBA-390E-B0CE-F52EB6DDEA4E}.DebugGame Editor|Win64.ActiveCfg = Development|Any CPU
		{08D722DA-3EBA-390E-B0CE-F52EB6DDEA4E}.DebugGame Editor|Win64.Build.0 = Development|Any CPU
		{08D722DA-3EBA-390E-B0CE-F52EB6DDEA4E}.DebugGame Editor|Win64-arm64.ActiveCfg = Development|Any CPU
		{08D722DA-3EBA-390E-B0CE-F52EB6DDEA4E}.DebugGame Editor|Win64-arm64.Build.0 = Development|Any CPU
		{08D722DA-3EBA-390E-B0CE-F52EB6DDEA4E}.DebugGame Editor|Win64-arm64ec.ActiveCfg = Development|Any CPU
		{08D722DA-3EBA-390E-B0CE-F52EB6DDEA4E}.DebugGame Editor|Win64-arm64ec.Build.0 = Development|Any CPU
		{08D722DA-3EBA-390E-B0CE-F52EB6DDEA4E}.Development Editor|Win64.ActiveCfg = Development|Any CPU
		{08D722DA-3EBA-390E-B0CE-F52EB6DDEA4E}.Development Editor|Win64.Build.0 = Development|Any CPU
		{08D722DA-3EBA-390E-B0CE-F52EB6DDEA4E}.Development Editor|Win64-arm64.ActiveCfg = Development|Any CPU
		{08D722DA-3EBA-390E-B0CE-F52EB6DDEA4E}.Development Editor|Win64-arm64.Build.0 = Development|Any CPU
		{08D722DA-3EBA-390E-B0CE-F52EB6DDEA4E}.Development Editor|Win64-arm64ec.ActiveCfg = Development|Any CPU
		{08D722DA-3EBA-390E-B0CE-F52EB6DDEA4E}.Development Editor|Win64-arm64ec.Build.0 = Development|Any CPU
		{526F8013-6FFC-32F4-8A4F-2126BF2BEA42}.DebugGame Editor|Win64.ActiveCfg = Development|Any CPU
		{526F8013-6FFC-32F4-8A4F-2126BF2BEA42}.DebugGame Editor|Win64.Build.0 = Development|Any CPU
		{526F8013-6FFC-32F4-8A4F-2126BF2BEA42}.DebugGame Editor|Win64-arm64.ActiveCfg = Development|Any CPU
		{526F8013-6FFC-32F4-8A4F-2126BF2BEA42}.DebugGame Editor|Win64-arm64.Build.0 = Development|Any CPU
		{526F8013-6FFC-32F4-8A4F-2126BF2BEA42}.DebugGame Editor|Win64-arm64ec.ActiveCfg = Development|Any CPU
		{526F8013-6FFC-32F4-8A4F-2126BF2BEA42}.DebugGame Editor|Win64-arm64ec.Build.0 = Development|Any CPU
		{526F8013-6FFC-32F4-8A4F-2126BF2BEA42}.Development Editor|Win64.ActiveCfg = Development|Any CPU
		{526F8013-6FFC-32F4-8A4F-2126BF2BEA42}.Development Editor|Win64.Build.0 = Development|Any CPU
		{526F8013-6FFC-32F4-8A4F-2126BF2BEA42}.Development Editor|Win64-arm64.ActiveCfg = Development|Any CPU
		{526F8013-6FFC-32F4-8A4F-2126BF2BEA42}.Development Editor|Win64-arm64.Build.0 = Development|Any CPU
		{526F8013-6FFC-32F4-8A4F-2126BF2BEA42}.Development Editor|Win64-arm64ec.ActiveCfg = Development|Any CPU
		{526F8013-6FFC-32F4-8A4F-2126BF2BEA42}.Development Editor|Win64-arm64ec.Build.0 = Development|Any CPU
		{DD5A76EE-1D23-3E57-AEAF-C9A7CC2153C0}.DebugGame Editor|Win64.ActiveCfg = Development|Any CPU
		{DD5A76EE-1D23-3E57-AEAF-C9A7CC2153C0}.DebugGame Editor|Win64.Build.0 = Development|Any CPU
		{DD5A76EE-1D23-3E57-AEAF-C9A7CC2153C0}.DebugGame Editor|Win64-arm64.ActiveCfg = Development|Any CPU
		{DD5A76EE-1D23-3E57-AEAF-C9A7CC2153C0}.DebugGame Editor|Win64-arm64.Build.0 = Development|Any CPU
		{DD5A76EE-1D23-3E57-AEAF-C9A7CC2153C0}.DebugGame Editor|Win64-arm64ec.ActiveCfg = Development|Any CPU
		{DD5A76EE-1D23-3E57-AEAF-C9A7CC2153C0}.DebugGame Editor|Win64-arm64ec.Build.0 = Development|Any CPU
		{DD5A76EE-1D23-3E57-AEAF-C9A7CC2153C0}.Development Editor|Win64.ActiveCfg = Development|Any CPU
		{DD5A76EE-1D23-3E57-AEAF-C9A7CC2153C0}.Development Editor|Win64.Build.0 = Development|Any CPU
		{DD5A76EE-1D23-3E57-AEAF-C9A7CC2153C0}.Development Editor|Win64-arm64.ActiveCfg = Development|Any CPU
		{DD5A76EE-1D23-3E57-AEAF-C9A7CC2153C0}.Development Editor|Win64-arm64.Build.0 = Development|Any CPU
		{DD5A76EE-1D23-3E57-AEAF-C9A7CC2153C0}.Development Editor|Win64-arm64ec.ActiveCfg = Development|Any CPU
		{DD5A76EE-1D23-3E57-AEAF-C9A7CC2153C0}.Development Editor|Win64-arm64ec.Build.0 = Development|Any CPU
		{CE0322E9-8E74-3CF2-B039-30601A034BF1}.DebugGame Editor|Win64.ActiveCfg = Development|Any CPU
		{CE0322E9-8E74-3CF2-B039-30601A034BF1}.DebugGame Editor|Win64.Build.0 = Development|Any CPU
		{CE0322E9-8E74-3CF2-B039-30601A034BF1}.DebugGame Editor|Win64-arm64.ActiveCfg = Development|Any CPU
		{CE0322E9-8E74-3CF2-B039-30601A034BF1}.DebugGame Editor|Win64-arm64.Build.0 = Development|Any CPU
		{CE0322E9-8E74-3CF2-B039-30601A034BF1}.DebugGame Editor|Win64-arm64ec.ActiveCfg = Development|Any CPU
		{CE0322E9-8E74-3CF2-B039-30601A034BF1}.DebugGame Editor|Win64-arm64ec.Build.0 = Development|Any CPU
		{CE0322E9-8E74-3CF2-B039-30601A034BF1}.Development Editor|Win64.ActiveCfg = Development|Any CPU
		{CE0322E9-8E74-3CF2-B039-30601A034BF1}.Development Editor|Win64.Build.0 = Development|Any CPU
		{CE0322E9-8E74-3CF2-B039-30601A034BF1}.Development Editor|Win64-arm64.ActiveCfg = Development|Any CPU
		{CE0322E9-8E74-3CF2-B039-30601A034BF1}.Development Editor|Win64-arm64.Build.0 = Development|Any CPU
		{CE0322E9-8E74-3CF2-B039-30601A034BF1}.Development Editor|Win64-arm64ec.ActiveCfg = Development|Any CPU
		{CE0322E9-8E74-3CF2-B039-30601A034BF1}.Development Editor|Win64-arm64ec.Build.0 = Development|Any CPU
		{38EE9DC2-D6B9-3132-8033-6FE61C32E697}.DebugGame Editor|Win64.ActiveCfg = Development|Any CPU
		{38EE9DC2-D6B9-3132-8033-6FE61C32E697}.DebugGame Editor|Win64.Build.0 = Development|Any CPU
		{38EE9DC2-D6B9-3132-8033-6FE61C32E697}.DebugGame Editor|Win64-arm64.ActiveCfg = Development|Any CPU
		{38EE9DC2-D6B9-3132-8033-6FE61C32E697}.DebugGame Editor|Win64-arm64.Build.0 = Development|Any CPU
		{38EE9DC2-D6B9-3132-8033-6FE61C32E697}.DebugGame Editor|Win64-arm64ec.ActiveCfg = Development|Any CPU
		{38EE9DC2-D6B9-3132-8033-6FE61C32E697}.DebugGame Editor|Win64-arm64ec.Build.0 = Development|Any CPU
		{38EE9DC2-D6B9-3132-8033-6FE61C32E697}.Development Editor|Win64.ActiveCfg = Development|Any CPU
		{38EE9DC2-D6B9-3132-8033-6FE61C32E697}.Development Editor|Win64.Build.0 = Development|Any CPU
		{38EE9DC2-D6B9-3132-8033-6FE61C32E697}.Development Editor|Win64-arm64.ActiveCfg = Development|Any CPU
		{38EE9DC2-D6B9-3132-8033-6FE61C32E697}.Development Editor|Win64-arm64.Build.0 = Development|Any CPU
		{38EE9DC2-D6B9-3132-8033-6FE61C32E697}.Development Editor|Win64-arm64ec.ActiveCfg = Development|Any CPU
		{38EE9DC2-D6B9-3132-8033-6FE61C32E697}.Development Editor|Win64-arm64ec.Build.0 = Development|Any CPU
		{0B970A8F-01E4-3EE7-B1C1-D61CDFAAF2FB}.DebugGame Editor|Win64.ActiveCfg = Development|Any CPU
		{0B970A8F-01E4-3EE7-B1C1-D61CDFAAF2FB}.DebugGame Editor|Win64.Build.0 = Development|Any CPU
		{0B970A8F-01E4-3EE7-B1C1-D61CDFAAF2FB}.DebugGame Editor|Win64-arm64.ActiveCfg = Development|Any CPU
		{0B970A8F-01E4-3EE7-B1C1-D61CDFAAF2FB}.DebugGame Editor|Win64-arm64.Build.0 = Development|Any CPU
		{0B970A8F-01E4-3EE7-B1C1-D61CDFAAF2FB}.DebugGame Editor|Win64-arm64ec.ActiveCfg = Development|Any CPU
		{0B970A8F-01E4-3EE7-B1C1-D61CDFAAF2FB}.DebugGame Editor|Win64-arm64ec.Build.0 = Development|Any CPU
		{0B970A8F-01E4-3EE7-B1C1-D61CDFAAF2FB}.Development Editor|Win64.ActiveCfg = Development|Any CPU
		{0B970A8F-01E4-3EE7-B1C1-D61CDFAAF2FB}.Development Editor|Win64.Build.0 = Development|Any CPU
		{0B970A8F-01E4-3EE7-B1C1-D61CDFAAF2FB}.Development Editor|Win64-arm64.ActiveCfg = Development|Any CPU
		{0B970A8F-01E4-3EE7-B1C1-D61CDFAAF2FB}.Development Editor|Win64-arm64.Build.0 = Development|Any CPU
		{0B970A8F-01E4-3EE7-B1C1-D61CDFAAF2FB}.Development Editor|Win64-arm64ec.ActiveCfg = Development|Any CPU
		{0B970A8F-01E4-3EE7-B1C1-D61CDFAAF2FB}.Development Editor|Win64-arm64ec.Build.0 = Development|Any CPU
		{149E9313-4BDA-3ABC-8C1E-24A1F17081EE}.DebugGame Editor|Win64.ActiveCfg = Development|Any CPU
		{149E9313-4BDA-3ABC-8C1E-24A1F17081EE}.DebugGame Editor|Win64.Build.0 = Development|Any CPU
		{149E9313-4BDA-3ABC-8C1E-24A1F17081EE}.DebugGame Editor|Win64-arm64.ActiveCfg = Development|Any CPU
		{149E9313-4BDA-3ABC-8C1E-24A1F17081EE}.DebugGame Editor|Win64-arm64.Build.0 = Development|Any CPU
		{149E9313-4BDA-3ABC-8C1E-24A1F17081EE}.DebugGame Editor|Win64-arm64ec.ActiveCfg = Development|Any CPU
		{149E9313-4BDA-3ABC-8C1E-24A1F17081EE}.DebugGame Editor|Win64-arm64ec.Build.0 = Development|Any CPU
		{149E9313-4BDA-3ABC-8C1E-24A1F17081EE}.Development Editor|Win64.ActiveCfg = Development|Any CPU
		{149E9313-4BDA-3ABC-8C1E-24A1F17081EE}.Development Editor|Win64.Build.0 = Development|Any CPU
		{149E9313-4BDA-3ABC-8C1E-24A1F17081EE}.Development Editor|Win64-arm64.ActiveCfg = Development|Any CPU
		{149E9313-4BDA-3ABC-8C1E-24A1F17081EE}.Development Editor|Win64-arm64.Build.0 = Development|Any CPU
		{149E9313-4BDA-3ABC-8C1E-24A1F17081EE}.Development Editor|Win64-arm64ec.ActiveCfg = Development|Any CPU
		{149E9313-4BDA-3ABC-8C1E-24A1F17081EE}.Development Editor|Win64-arm64ec.Build.0 = Development|Any CPU
		{75E64106-86D6-39E2-8A70-D89B21968C9C}.DebugGame Editor|Win64.ActiveCfg = Development|Any CPU
		{75E64106-86D6-39E2-8A70-D89B21968C9C}.DebugGame Editor|Win64.Build.0 = Development|Any CPU
		{75E64106-86D6-39E2-8A70-D89B21968C9C}.DebugGame Editor|Win64-arm64.ActiveCfg = Development|Any CPU
		{75E64106-86D6-39E2-8A70-D89B21968C9C}.DebugGame Editor|Win64-arm64.Build.0 = Development|Any CPU
		{75E64106-86D6-39E2-8A70-D89B21968C9C}.DebugGame Editor|Win64-arm64ec.ActiveCfg = Development|Any CPU
		{75E64106-86D6-39E2-8A70-D89B21968C9C}.DebugGame Editor|Win64-arm64ec.Build.0 = Development|Any CPU
		{75E64106-86D6-39E2-8A70-D89B21968C9C}.Development Editor|Win64.ActiveCfg = Development|Any CPU
		{75E64106-86D6-39E2-8A70-D89B21968C9C}.Development Editor|Win64.Build.0 = Development|Any CPU
		{75E64106-86D6-39E2-8A70-D89B21968C9C}.Development Editor|Win64-arm64.ActiveCfg = Development|Any CPU
		{75E64106-86D6-39E2-8A70-D89B21968C9C}.Development Editor|Win64-arm64.Build.0 = Development|Any CPU
		{75E64106-86D6-39E2-8A70-D89B21968C9C}.Development Editor|Win64-arm64ec.ActiveCfg = Development|Any CPU
		{75E64106-86D6-39E2-8A70-D89B21968C9C}.Development Editor|Win64-arm64ec.Build.0 = Development|Any CPU
		{EDE0AB5B-84FF-3DF6-91DB-0D9C67801A2D}.DebugGame Editor|Win64.ActiveCfg = Development|Any CPU
		{EDE0AB5B-84FF-3DF6-91DB-0D9C67801A2D}.DebugGame Editor|Win64.Build.0 = Development|Any CPU
		{EDE0AB5B-84FF-3DF6-91DB-0D9C67801A2D}.DebugGame Editor|Win64-arm64.ActiveCfg = Development|Any CPU
		{EDE0AB5B-84FF-3DF6-91DB-0D9C67801A2D}.DebugGame Editor|Win64-arm64.Build.0 = Development|Any CPU
		{EDE0AB5B-84FF-3DF6-91DB-0D9C67801A2D}.DebugGame Editor|Win64-arm64ec.ActiveCfg = Development|Any CPU
		{EDE0AB5B-84FF-3DF6-91DB-0D9C67801A2D}.DebugGame Editor|Win64-arm64ec.Build.0 = Development|Any CPU
		{EDE0AB5B-84FF-3DF6-91DB-0D9C67801A2D}.Development Editor|Win64.ActiveCfg = Development|Any CPU
		{EDE0AB5B-84FF-3DF6-91DB-0D9C67801A2D}.Development Editor|Win64.Build.0 = Development|Any CPU
		{EDE0AB5B-84FF-3DF6-91DB-0D9C67801A2D}.Development Editor|Win64-arm64.ActiveCfg = Development|Any CPU
		{EDE0AB5B-84FF-3DF6-91DB-0D9C67801A2D}.Development Editor|Win64-arm64.Build.0 = Development|Any CPU
		{EDE0AB5B-84FF-3DF6-91DB-0D9C67801A2D}.Development Editor|Win64-arm64ec.ActiveCfg = Development|Any CPU
		{EDE0AB5B-84FF-3DF6-91DB-0D9C67801A2D}.Development Editor|Win64-arm64ec.Build.0 = Development|Any CPU
		{970322C5-A6F8-3335-AE2A-EA8C099689A9}.DebugGame Editor|Win64.ActiveCfg = Development|Any CPU
		{970322C5-A6F8-3335-AE2A-EA8C099689A9}.DebugGame Editor|Win64.Build.0 = Development|Any CPU
		{970322C5-A6F8-3335-AE2A-EA8C099689A9}.DebugGame Editor|Win64-arm64.ActiveCfg = Development|Any CPU
		{970322C5-A6F8-3335-AE2A-EA8C099689A9}.DebugGame Editor|Win64-arm64.Build.0 = Development|Any CPU
		{970322C5-A6F8-3335-AE2A-EA8C099689A9}.DebugGame Editor|Win64-arm64ec.ActiveCfg = Development|Any CPU
		{970322C5-A6F8-3335-AE2A-EA8C099689A9}.DebugGame Editor|Win64-arm64ec.Build.0 = Development|Any CPU
		{970322C5-A6F8-3335-AE2A-EA8C099689A9}.Development Editor|Win64.ActiveCfg = Development|Any CPU
		{970322C5-A6F8-3335-AE2A-EA8C099689A9}.Development Editor|Win64.Build.0 = Development|Any CPU
		{970322C5-A6F8-3335-AE2A-EA8C099689A9}.Development Editor|Win64-arm64.ActiveCfg = Development|Any CPU
		{970322C5-A6F8-3335-AE2A-EA8C099689A9}.Development Editor|Win64-arm64.Build.0 = Development|Any CPU
		{970322C5-A6F8-3335-AE2A-EA8C099689A9}.Development Editor|Win64-arm64ec.ActiveCfg = Development|Any CPU
		{970322C5-A6F8-3335-AE2A-EA8C099689A9}.Development Editor|Win64-arm64ec.Build.0 = Development|Any CPU
		{DCB4BA07-0C32-3671-94EC-2DD8EE81EB6E}.DebugGame Editor|Win64.ActiveCfg = Development|Any CPU
		{DCB4BA07-0C32-3671-94EC-2DD8EE81EB6E}.DebugGame Editor|Win64.Build.0 = Development|Any CPU
		{DCB4BA07-0C32-3671-94EC-2DD8EE81EB6E}.DebugGame Editor|Win64-arm64.ActiveCfg = Development|Any CPU
		{DCB4BA07-0C32-3671-94EC-2DD8EE81EB6E}.DebugGame Editor|Win64-arm64.Build.0 = Development|Any CPU
		{DCB4BA07-0C32-3671-94EC-2DD8EE81EB6E}.DebugGame Editor|Win64-arm64ec.ActiveCfg = Development|Any CPU
		{DCB4BA07-0C32-3671-94EC-2DD8EE81EB6E}.DebugGame Editor|Win64-arm64ec.Build.0 = Development|Any CPU
		{DCB4BA07-0C32-3671-94EC-2DD8EE81EB6E}.Development Editor|Win64.ActiveCfg = Development|Any CPU
		{DCB4BA07-0C32-3671-94EC-2DD8EE81EB6E}.Development Editor|Win64.Build.0 = Development|Any CPU
		{DCB4BA07-0C32-3671-94EC-2DD8EE81EB6E}.Development Editor|Win64-arm64.ActiveCfg = Development|Any CPU
		{DCB4BA07-0C32-3671-94EC-2DD8EE81EB6E}.Development Editor|Win64-arm64.Build.0 = Development|Any CPU
		{DCB4BA07-0C32-3671-94EC-2DD8EE81EB6E}.Development Editor|Win64-arm64ec.ActiveCfg = Development|Any CPU
		{DCB4BA07-0C32-3671-94EC-2DD8EE81EB6E}.Development Editor|Win64-arm64ec.Build.0 = Development|Any CPU
		{815687F3-50AD-36D7-AC5D-96D0BD4E9D91}.DebugGame Editor|Win64.ActiveCfg = Development|Any CPU
		{815687F3-50AD-36D7-AC5D-96D0BD4E9D91}.DebugGame Editor|Win64.Build.0 = Development|Any CPU
		{815687F3-50AD-36D7-AC5D-96D0BD4E9D91}.DebugGame Editor|Win64-arm64.ActiveCfg = Development|Any CPU
		{815687F3-50AD-36D7-AC5D-96D0BD4E9D91}.DebugGame Editor|Win64-arm64.Build.0 = Development|Any CPU
		{815687F3-50AD-36D7-AC5D-96D0BD4E9D91}.DebugGame Editor|Win64-arm64ec.ActiveCfg = Development|Any CPU
		{815687F3-50AD-36D7-AC5D-96D0BD4E9D91}.DebugGame Editor|Win64-arm64ec.Build.0 = Development|Any CPU
		{815687F3-50AD-36D7-AC5D-96D0BD4E9D91}.Development Editor|Win64.ActiveCfg = Development|Any CPU
		{815687F3-50AD-36D7-AC5D-96D0BD4E9D91}.Development Editor|Win64.Build.0 = Development|Any CPU
		{815687F3-50AD-36D7-AC5D-96D0BD4E9D91}.Development Editor|Win64-arm64.ActiveCfg = Development|Any CPU
		{815687F3-50AD-36D7-AC5D-96D0BD4E9D91}.Development Editor|Win64-arm64.Build.0 = Development|Any CPU
		{815687F3-50AD-36D7-AC5D-96D0BD4E9D91}.Development Editor|Win64-arm64ec.ActiveCfg = Development|Any CPU
		{815687F3-50AD-36D7-AC5D-96D0BD4E9D91}.Development Editor|Win64-arm64ec.Build.0 = Development|Any CPU
		{7F90B310-78D2-36FF-BA79-FC72392450C7}.DebugGame Editor|Win64.ActiveCfg = Development|Any CPU
		{7F90B310-78D2-36FF-BA79-FC72392450C7}.DebugGame Editor|Win64.Build.0 = Development|Any CPU
		{7F90B310-78D2-36FF-BA79-FC72392450C7}.DebugGame Editor|Win64-arm64.ActiveCfg = Development|Any CPU
		{7F90B310-78D2-36FF-BA79-FC72392450C7}.DebugGame Editor|Win64-arm64.Build.0 = Development|Any CPU
		{7F90B310-78D2-36FF-BA79-FC72392450C7}.DebugGame Editor|Win64-arm64ec.ActiveCfg = Development|Any CPU
		{7F90B310-78D2-36FF-BA79-FC72392450C7}.DebugGame Editor|Win64-arm64ec.Build.0 = Development|Any CPU
		{7F90B310-78D2-36FF-BA79-FC72392450C7}.Development Editor|Win64.ActiveCfg = Development|Any CPU
		{7F90B310-78D2-36FF-BA79-FC72392450C7}.Development Editor|Win64.Build.0 = Development|Any CPU
		{7F90B310-78D2-36FF-BA79-FC72392450C7}.Development Editor|Win64-arm64.ActiveCfg = Development|Any CPU
		{7F90B310-78D2-36FF-BA79-FC72392450C7}.Development Editor|Win64-arm64.Build.0 = Development|Any CPU
		{7F90B310-78D2-36FF-BA79-FC72392450C7}.Development Editor|Win64-arm64ec.ActiveCfg = Development|Any CPU
		{7F90B310-78D2-36FF-BA79-FC72392450C7}.Development Editor|Win64-arm64ec.Build.0 = Development|Any CPU
		{0F6B8878-AD87-32C2-AAEB-5ED19A6B86BE}.DebugGame Editor|Win64.ActiveCfg = Development|Any CPU
		{0F6B8878-AD87-32C2-AAEB-5ED19A6B86BE}.DebugGame Editor|Win64.Build.0 = Development|Any CPU
		{0F6B8878-AD87-32C2-AAEB-5ED19A6B86BE}.DebugGame Editor|Win64-arm64.ActiveCfg = Development|Any CPU
		{0F6B8878-AD87-32C2-AAEB-5ED19A6B86BE}.DebugGame Editor|Win64-arm64.Build.0 = Development|Any CPU
		{0F6B8878-AD87-32C2-AAEB-5ED19A6B86BE}.DebugGame Editor|Win64-arm64ec.ActiveCfg = Development|Any CPU
		{0F6B8878-AD87-32C2-AAEB-5ED19A6B86BE}.DebugGame Editor|Win64-arm64ec.Build.0 = Development|Any CPU
		{0F6B8878-AD87-32C2-AAEB-5ED19A6B86BE}.Development Editor|Win64.ActiveCfg = Development|Any CPU
		{0F6B8878-AD87-32C2-AAEB-5ED19A6B86BE}.Development Editor|Win64.Build.0 = Development|Any CPU
		{0F6B8878-AD87-32C2-AAEB-5ED19A6B86BE}.Development Editor|Win64-arm64.ActiveCfg = Development|Any CPU
		{0F6B8878-AD87-32C2-AAEB-5ED19A6B86BE}.Development Editor|Win64-arm64.Build.0 = Development|Any CPU
		{0F6B8878-AD87-32C2-AAEB-5ED19A6B86BE}.Development Editor|Win64-arm64ec.ActiveCfg = Development|Any CPU
		{0F6B8878-AD87-32C2-AAEB-5ED19A6B86BE}.Development Editor|Win64-arm64ec.Build.0 = Development|Any CPU
		{54EB651C-95AB-3C3E-93C5-7086E4E6F01F}.DebugGame Editor|Win64.ActiveCfg = Development|Any CPU
		{54EB651C-95AB-3C3E-93C5-7086E4E6F01F}.DebugGame Editor|Win64.Build.0 = Development|Any CPU
		{54EB651C-95AB-3C3E-93C5-7086E4E6F01F}.DebugGame Editor|Win64-arm64.ActiveCfg = Development|Any CPU
		{54EB651C-95AB-3C3E-93C5-7086E4E6F01F}.DebugGame Editor|Win64-arm64.Build.0 = Development|Any CPU
		{54EB651C-95AB-3C3E-93C5-7086E4E6F01F}.DebugGame Editor|Win64-arm64ec.ActiveCfg = Development|Any CPU
		{54EB651C-95AB-3C3E-93C5-7086E4E6F01F}.DebugGame Editor|Win64-arm64ec.Build.0 = Development|Any CPU
		{54EB651C-95AB-3C3E-93C5-7086E4E6F01F}.Development Editor|Win64.ActiveCfg = Development|Any CPU
		{54EB651C-95AB-3C3E-93C5-7086E4E6F01F}.Development Editor|Win64.Build.0 = Development|Any CPU
		{54EB651C-95AB-3C3E-93C5-7086E4E6F01F}.Development Editor|Win64-arm64.ActiveCfg = Development|Any CPU
		{54EB651C-95AB-3C3E-93C5-7086E4E6F01F}.Development Editor|Win64-arm64.Build.0 = Development|Any CPU
		{54EB651C-95AB-3C3E-93C5-7086E4E6F01F}.Development Editor|Win64-arm64ec.ActiveCfg = Development|Any CPU
		{54EB651C-95AB-3C3E-93C5-7086E4E6F01F}.Development Editor|Win64-arm64ec.Build.0 = Development|Any CPU
		{427307E8-8B9F-33C7-966C-5DFD5F7A8427}.DebugGame Editor|Win64.ActiveCfg = Development|Any CPU
		{427307E8-8B9F-33C7-966C-5DFD5F7A8427}.DebugGame Editor|Win64.Build.0 = Development|Any CPU
		{427307E8-8B9F-33C7-966C-5DFD5F7A8427}.DebugGame Editor|Win64-arm64.ActiveCfg = Development|Any CPU
		{427307E8-8B9F-33C7-966C-5DFD5F7A8427}.DebugGame Editor|Win64-arm64.Build.0 = Development|Any CPU
		{427307E8-8B9F-33C7-966C-5DFD5F7A8427}.DebugGame Editor|Win64-arm64ec.ActiveCfg = Development|Any CPU
		{427307E8-8B9F-33C7-966C-5DFD5F7A8427}.DebugGame Editor|Win64-arm64ec.Build.0 = Development|Any CPU
		{427307E8-8B9F-33C7-966C-5DFD5F7A8427}.Development Editor|Win64.ActiveCfg = Development|Any CPU
		{427307E8-8B9F-33C7-966C-5DFD5F7A8427}.Development Editor|Win64.Build.0 = Development|Any CPU
		{427307E8-8B9F-33C7-966C-5DFD5F7A8427}.Development Editor|Win64-arm64.ActiveCfg = Development|Any CPU
		{427307E8-8B9F-33C7-966C-5DFD5F7A8427}.Development Editor|Win64-arm64.Build.0 = Development|Any CPU
		{427307E8-8B9F-33C7-966C-5DFD5F7A8427}.Development Editor|Win64-arm64ec.ActiveCfg = Development|Any CPU
		{427307E8-8B9F-33C7-966C-5DFD5F7A8427}.Development Editor|Win64-arm64ec.Build.0 = Development|Any CPU
		{28C8590A-7317-3C21-8F12-73465706BA6B}.DebugGame Editor|Win64.ActiveCfg = Development|Any CPU
		{28C8590A-7317-3C21-8F12-73465706BA6B}.DebugGame Editor|Win64.Build.0 = Development|Any CPU
		{28C8590A-7317-3C21-8F12-73465706BA6B}.DebugGame Editor|Win64-arm64.ActiveCfg = Development|Any CPU
		{28C8590A-7317-3C21-8F12-73465706BA6B}.DebugGame Editor|Win64-arm64.Build.0 = Development|Any CPU
		{28C8590A-7317-3C21-8F12-73465706BA6B}.DebugGame Editor|Win64-arm64ec.ActiveCfg = Development|Any CPU
		{28C8590A-7317-3C21-8F12-73465706BA6B}.DebugGame Editor|Win64-arm64ec.Build.0 = Development|Any CPU
		{28C8590A-7317-3C21-8F12-73465706BA6B}.Development Editor|Win64.ActiveCfg = Development|Any CPU
		{28C8590A-7317-3C21-8F12-73465706BA6B}.Development Editor|Win64.Build.0 = Development|Any CPU
		{28C8590A-7317-3C21-8F12-73465706BA6B}.Development Editor|Win64-arm64.ActiveCfg = Development|Any CPU
		{28C8590A-7317-3C21-8F12-73465706BA6B}.Development Editor|Win64-arm64.Build.0 = Development|Any CPU
		{28C8590A-7317-3C21-8F12-73465706BA6B}.Development Editor|Win64-arm64ec.ActiveCfg = Development|Any CPU
		{28C8590A-7317-3C21-8F12-73465706BA6B}.Development Editor|Win64-arm64ec.Build.0 = Development|Any CPU
		{490537D3-86B6-33F6-A2A8-FF501553E563}.DebugGame Editor|Win64.ActiveCfg = Development|Any CPU
		{490537D3-86B6-33F6-A2A8-FF501553E563}.DebugGame Editor|Win64.Build.0 = Development|Any CPU
		{490537D3-86B6-33F6-A2A8-FF501553E563}.DebugGame Editor|Win64-arm64.ActiveCfg = Development|Any CPU
		{490537D3-86B6-33F6-A2A8-FF501553E563}.DebugGame Editor|Win64-arm64.Build.0 = Development|Any CPU
		{490537D3-86B6-33F6-A2A8-FF501553E563}.DebugGame Editor|Win64-arm64ec.ActiveCfg = Development|Any CPU
		{490537D3-86B6-33F6-A2A8-FF501553E563}.DebugGame Editor|Win64-arm64ec.Build.0 = Development|Any CPU
		{490537D3-86B6-33F6-A2A8-FF501553E563}.Development Editor|Win64.ActiveCfg = Development|Any CPU
		{490537D3-86B6-33F6-A2A8-FF501553E563}.Development Editor|Win64.Build.0 = Development|Any CPU
		{490537D3-86B6-33F6-A2A8-FF501553E563}.Development Editor|Win64-arm64.ActiveCfg = Development|Any CPU
		{490537D3-86B6-33F6-A2A8-FF501553E563}.Development Editor|Win64-arm64.Build.0 = Development|Any CPU
		{490537D3-86B6-33F6-A2A8-FF501553E563}.Development Editor|Win64-arm64ec.ActiveCfg = Development|Any CPU
		{490537D3-86B6-33F6-A2A8-FF501553E563}.Development Editor|Win64-arm64ec.Build.0 = Development|Any CPU
		{A5BA05FC-3E95-3E14-A901-CDDB234C3F61}.DebugGame Editor|Win64.ActiveCfg = Development|Any CPU
		{A5BA05FC-3E95-3E14-A901-CDDB234C3F61}.DebugGame Editor|Win64.Build.0 = Development|Any CPU
		{A5BA05FC-3E95-3E14-A901-CDDB234C3F61}.DebugGame Editor|Win64-arm64.ActiveCfg = Development|Any CPU
		{A5BA05FC-3E95-3E14-A901-CDDB234C3F61}.DebugGame Editor|Win64-arm64.Build.0 = Development|Any CPU
		{A5BA05FC-3E95-3E14-A901-CDDB234C3F61}.DebugGame Editor|Win64-arm64ec.ActiveCfg = Development|Any CPU
		{A5BA05FC-3E95-3E14-A901-CDDB234C3F61}.DebugGame Editor|Win64-arm64ec.Build.0 = Development|Any CPU
		{A5BA05FC-3E95-3E14-A901-CDDB234C3F61}.Development Editor|Win64.ActiveCfg = Development|Any CPU
		{A5BA05FC-3E95-3E14-A901-CDDB234C3F61}.Development Editor|Win64.Build.0 = Development|Any CPU
		{A5BA05FC-3E95-3E14-A901-CDDB234C3F61}.Development Editor|Win64-arm64.ActiveCfg = Development|Any CPU
		{A5BA05FC-3E95-3E14-A901-CDDB234C3F61}.Development Editor|Win64-arm64.Build.0 = Development|Any CPU
		{A5BA05FC-3E95-3E14-A901-CDDB234C3F61}.Development Editor|Win64-arm64ec.ActiveCfg = Development|Any CPU
		{A5BA05FC-3E95-3E14-A901-CDDB234C3F61}.Development Editor|Win64-arm64ec.Build.0 = Development|Any CPU
		{65EF2535-3DE6-387C-B79D-066B7F17192F}.DebugGame Editor|Win64.ActiveCfg = Development|Any CPU
		{65EF2535-3DE6-387C-B79D-066B7F17192F}.DebugGame Editor|Win64.Build.0 = Development|Any CPU
		{65EF2535-3DE6-387C-B79D-066B7F17192F}.DebugGame Editor|Win64-arm64.ActiveCfg = Development|Any CPU
		{65EF2535-3DE6-387C-B79D-066B7F17192F}.DebugGame Editor|Win64-arm64.Build.0 = Development|Any CPU
		{65EF2535-3DE6-387C-B79D-066B7F17192F}.DebugGame Editor|Win64-arm64ec.ActiveCfg = Development|Any CPU
		{65EF2535-3DE6-387C-B79D-066B7F17192F}.DebugGame Editor|Win64-arm64ec.Build.0 = Development|Any CPU
		{65EF2535-3DE6-387C-B79D-066B7F17192F}.Development Editor|Win64.ActiveCfg = Development|Any CPU
		{65EF2535-3DE6-387C-B79D-066B7F17192F}.Development Editor|Win64.Build.0 = Development|Any CPU
		{65EF2535-3DE6-387C-B79D-066B7F17192F}.Development Editor|Win64-arm64.ActiveCfg = Development|Any CPU
		{65EF2535-3DE6-387C-B79D-066B7F17192F}.Development Editor|Win64-arm64.Build.0 = Development|Any CPU
		{65EF2535-3DE6-387C-B79D-066B7F17192F}.Development Editor|Win64-arm64ec.ActiveCfg = Development|Any CPU
		{65EF2535-3DE6-387C-B79D-066B7F17192F}.Development Editor|Win64-arm64ec.Build.0 = Development|Any CPU
		{75AF92F5-95A2-3C8C-A656-8B8C6617297F}.DebugGame Editor|Win64.ActiveCfg = Development|Any CPU
		{75AF92F5-95A2-3C8C-A656-8B8C6617297F}.DebugGame Editor|Win64.Build.0 = Development|Any CPU
		{75AF92F5-95A2-3C8C-A656-8B8C6617297F}.DebugGame Editor|Win64-arm64.ActiveCfg = Development|Any CPU
		{75AF92F5-95A2-3C8C-A656-8B8C6617297F}.DebugGame Editor|Win64-arm64.Build.0 = Development|Any CPU
		{75AF92F5-95A2-3C8C-A656-8B8C6617297F}.DebugGame Editor|Win64-arm64ec.ActiveCfg = Development|Any CPU
		{75AF92F5-95A2-3C8C-A656-8B8C6617297F}.DebugGame Editor|Win64-arm64ec.Build.0 = Development|Any CPU
		{75AF92F5-95A2-3C8C-A656-8B8C6617297F}.Development Editor|Win64.ActiveCfg = Development|Any CPU
		{75AF92F5-95A2-3C8C-A656-8B8C6617297F}.Development Editor|Win64.Build.0 = Development|Any CPU
		{75AF92F5-95A2-3C8C-A656-8B8C6617297F}.Development Editor|Win64-arm64.ActiveCfg = Development|Any CPU
		{75AF92F5-95A2-3C8C-A656-8B8C6617297F}.Development Editor|Win64-arm64.Build.0 = Development|Any CPU
		{75AF92F5-95A2-3C8C-A656-8B8C6617297F}.Development Editor|Win64-arm64ec.ActiveCfg = Development|Any CPU
		{75AF92F5-95A2-3C8C-A656-8B8C6617297F}.Development Editor|Win64-arm64ec.Build.0 = Development|Any CPU
		{4A32E549-A8ED-3BE5-9525-101375679248}.DebugGame Editor|Win64.ActiveCfg = Development|Any CPU
		{4A32E549-A8ED-3BE5-9525-101375679248}.DebugGame Editor|Win64.Build.0 = Development|Any CPU
		{4A32E549-A8ED-3BE5-9525-101375679248}.DebugGame Editor|Win64-arm64.ActiveCfg = Development|Any CPU
		{4A32E549-A8ED-3BE5-9525-101375679248}.DebugGame Editor|Win64-arm64.Build.0 = Development|Any CPU
		{4A32E549-A8ED-3BE5-9525-101375679248}.DebugGame Editor|Win64-arm64ec.ActiveCfg = Development|Any CPU
		{4A32E549-A8ED-3BE5-9525-101375679248}.DebugGame Editor|Win64-arm64ec.Build.0 = Development|Any CPU
		{4A32E549-A8ED-3BE5-9525-101375679248}.Development Editor|Win64.ActiveCfg = Development|Any CPU
		{4A32E549-A8ED-3BE5-9525-101375679248}.Development Editor|Win64.Build.0 = Development|Any CPU
		{4A32E549-A8ED-3BE5-9525-101375679248}.Development Editor|Win64-arm64.ActiveCfg = Development|Any CPU
		{4A32E549-A8ED-3BE5-9525-101375679248}.Development Editor|Win64-arm64.Build.0 = Development|Any CPU
		{4A32E549-A8ED-3BE5-9525-101375679248}.Development Editor|Win64-arm64ec.ActiveCfg = Development|Any CPU
		{4A32E549-A8ED-3BE5-9525-101375679248}.Development Editor|Win64-arm64ec.Build.0 = Development|Any CPU
		{78300FB0-3EC7-343C-BC53-61A67B798C9E}.DebugGame Editor|Win64.ActiveCfg = Development|Any CPU
		{78300FB0-3EC7-343C-BC53-61A67B798C9E}.DebugGame Editor|Win64.Build.0 = Development|Any CPU
		{78300FB0-3EC7-343C-BC53-61A67B798C9E}.DebugGame Editor|Win64-arm64.ActiveCfg = Development|Any CPU
		{78300FB0-3EC7-343C-BC53-61A67B798C9E}.DebugGame Editor|Win64-arm64.Build.0 = Development|Any CPU
		{78300FB0-3EC7-343C-BC53-61A67B798C9E}.DebugGame Editor|Win64-arm64ec.ActiveCfg = Development|Any CPU
		{78300FB0-3EC7-343C-BC53-61A67B798C9E}.DebugGame Editor|Win64-arm64ec.Build.0 = Development|Any CPU
		{78300FB0-3EC7-343C-BC53-61A67B798C9E}.Development Editor|Win64.ActiveCfg = Development|Any CPU
		{78300FB0-3EC7-343C-BC53-61A67B798C9E}.Development Editor|Win64.Build.0 = Development|Any CPU
		{78300FB0-3EC7-343C-BC53-61A67B798C9E}.Development Editor|Win64-arm64.ActiveCfg = Development|Any CPU
		{78300FB0-3EC7-343C-BC53-61A67B798C9E}.Development Editor|Win64-arm64.Build.0 = Development|Any CPU
		{78300FB0-3EC7-343C-BC53-61A67B798C9E}.Development Editor|Win64-arm64ec.ActiveCfg = Development|Any CPU
		{78300FB0-3EC7-343C-BC53-61A67B798C9E}.Development Editor|Win64-arm64ec.Build.0 = Development|Any CPU
		{F9FA6B36-B3BB-3786-B4BF-BD53DC680351}.DebugGame Editor|Win64.ActiveCfg = Development|Any CPU
		{F9FA6B36-B3BB-3786-B4BF-BD53DC680351}.DebugGame Editor|Win64.Build.0 = Development|Any CPU
		{F9FA6B36-B3BB-3786-B4BF-BD53DC680351}.DebugGame Editor|Win64-arm64.ActiveCfg = Development|Any CPU
		{F9FA6B36-B3BB-3786-B4BF-BD53DC680351}.DebugGame Editor|Win64-arm64.Build.0 = Development|Any CPU
		{F9FA6B36-B3BB-3786-B4BF-BD53DC680351}.DebugGame Editor|Win64-arm64ec.ActiveCfg = Development|Any CPU
		{F9FA6B36-B3BB-3786-B4BF-BD53DC680351}.DebugGame Editor|Win64-arm64ec.Build.0 = Development|Any CPU
		{F9FA6B36-B3BB-3786-B4BF-BD53DC680351}.Development Editor|Win64.ActiveCfg = Development|Any CPU
		{F9FA6B36-B3BB-3786-B4BF-BD53DC680351}.Development Editor|Win64.Build.0 = Development|Any CPU
		{F9FA6B36-B3BB-3786-B4BF-BD53DC680351}.Development Editor|Win64-arm64.ActiveCfg = Development|Any CPU
		{F9FA6B36-B3BB-3786-B4BF-BD53DC680351}.Development Editor|Win64-arm64.Build.0 = Development|Any CPU
		{F9FA6B36-B3BB-3786-B4BF-BD53DC680351}.Development Editor|Win64-arm64ec.ActiveCfg = Development|Any CPU
		{F9FA6B36-B3BB-3786-B4BF-BD53DC680351}.Development Editor|Win64-arm64ec.Build.0 = Development|Any CPU
		{978D24EA-553D-3D7C-A709-1C13D8D20A42}.DebugGame Editor|Win64.ActiveCfg = Development|Any CPU
		{978D24EA-553D-3D7C-A709-1C13D8D20A42}.DebugGame Editor|Win64.Build.0 = Development|Any CPU
		{978D24EA-553D-3D7C-A709-1C13D8D20A42}.DebugGame Editor|Win64-arm64.ActiveCfg = Development|Any CPU
		{978D24EA-553D-3D7C-A709-1C13D8D20A42}.DebugGame Editor|Win64-arm64.Build.0 = Development|Any CPU
		{978D24EA-553D-3D7C-A709-1C13D8D20A42}.DebugGame Editor|Win64-arm64ec.ActiveCfg = Development|Any CPU
		{978D24EA-553D-3D7C-A709-1C13D8D20A42}.DebugGame Editor|Win64-arm64ec.Build.0 = Development|Any CPU
		{978D24EA-553D-3D7C-A709-1C13D8D20A42}.Development Editor|Win64.ActiveCfg = Development|Any CPU
		{978D24EA-553D-3D7C-A709-1C13D8D20A42}.Development Editor|Win64.Build.0 = Development|Any CPU
		{978D24EA-553D-3D7C-A709-1C13D8D20A42}.Development Editor|Win64-arm64.ActiveCfg = Development|Any CPU
		{978D24EA-553D-3D7C-A709-1C13D8D20A42}.Development Editor|Win64-arm64.Build.0 = Development|Any CPU
		{978D24EA-553D-3D7C-A709-1C13D8D20A42}.Development Editor|Win64-arm64ec.ActiveCfg = Development|Any CPU
		{978D24EA-553D-3D7C-A709-1C13D8D20A42}.Development Editor|Win64-arm64ec.Build.0 = Development|Any CPU
	EndGlobalSection
	GlobalSection(SolutionProperties) = preSolution
		HideSolutionNode = FALSE
	EndGlobalSection
	GlobalSection(NestedProjects) = preSolution
		{0BFBE63A-B98A-3411-8EEB-8918FEC737B3} = {A338B9E2-A559-34BE-A46D-F789DD488FAD}
		{57713676-9DBE-331C-AD10-26632AC9EE0C} = {A338B9E2-A559-34BE-A46D-F789DD488FAD}
		{7B5CFB44-F0FB-31DF-AE62-C3C096A29A7B} = {A338B9E2-A559-34BE-A46D-F789DD488FAD}
		{9C87EBCB-FEB6-37EE-A73E-D61BA9354162} = {DE1F8B53-6C02-3C13-9101-A7C8D96F3FF6}
		{D5C8F481-4EDB-3D4E-8650-583282D19DEB} = {233774A8-CC9D-3FA9-86D1-90573E92B704}
		{989A14ED-E1C8-3708-8D03-42FEEF29F7BA} = {A338B9E2-A559-34BE-A46D-F789DD488FAD}
		{BF40B26A-5453-3A61-A56B-A16A9F396354} = {A338B9E2-A559-34BE-A46D-F789DD488FAD}
		{53D29D5D-E18E-3B4C-BB71-69198CA90327} = {0BFBE63A-B98A-3411-8EEB-8918FEC737B3}
		{6848E31E-59B8-3857-8F3A-067BBE335D04} = {0BFBE63A-B98A-3411-8EEB-8918FEC737B3}
		{A11C8A1F-EA8E-39BB-81E7-4BF16C9931CD} = {0BFBE63A-B98A-3411-8EEB-8918FEC737B3}
		{7011202F-74B8-3CAC-A7C2-50FA60C0F349} = {0BFBE63A-B98A-3411-8EEB-8918FEC737B3}
		{821E188D-DD24-3A8C-A136-163E8443AD6C} = {0BFBE63A-B98A-3411-8EEB-8918FEC737B3}
		{0BA6BE34-4A60-36C2-9DBC-4A28CB45BB29} = {0BFBE63A-B98A-3411-8EEB-8918FEC737B3}
		{A3688341-DAE2-3F6A-9B9A-36A3C2A83366} = {0BFBE63A-B98A-3411-8EEB-8918FEC737B3}
		{4B98156E-53BE-3186-AB39-C184D55476C4} = {0BFBE63A-B98A-3411-8EEB-8918FEC737B3}
		{61028ED2-CF22-3553-8423-C46A4FDAE64A} = {0BFBE63A-B98A-3411-8EEB-8918FEC737B3}
		{EDF0D83D-F80C-3EDE-8B5B-6834BE8DCF46} = {0BFBE63A-B98A-3411-8EEB-8918FEC737B3}
		{91EA1167-736F-3470-9C7C-7F71C3514B02} = {0BFBE63A-B98A-3411-8EEB-8918FEC737B3}
		{34659669-D907-3914-B264-42875D7BD6ED} = {0BFBE63A-B98A-3411-8EEB-8918FEC737B3}
		{2A94E2C9-46A7-3A19-8258-9DF27A8C11F7} = {0BFBE63A-B98A-3411-8EEB-8918FEC737B3}
		{F5E62F50-EB6D-373C-8C3C-5610451C0D24} = {0BFBE63A-B98A-3411-8EEB-8918FEC737B3}
		{7C95637F-A3A7-338C-90CC-BB1CFF17F551} = {0BFBE63A-B98A-3411-8EEB-8918FEC737B3}
		{389A624D-C77C-3D78-9A60-3D86786A579A} = {0BFBE63A-B98A-3411-8EEB-8918FEC737B3}
		{C3AD10DD-0975-3542-8CB2-4FC9AF8F6E73} = {0BFBE63A-B98A-3411-8EEB-8918FEC737B3}
		{C3AAF3F7-8A0F-3F85-87E9-79FF892E1B8B} = {0BFBE63A-B98A-3411-8EEB-8918FEC737B3}
		{91F5AD2A-AACA-3AC9-903D-083F88630B7A} = {0BFBE63A-B98A-3411-8EEB-8918FEC737B3}
		{3CD46555-1F84-3142-9C2D-4BE4B1645E81} = {0BFBE63A-B98A-3411-8EEB-8918FEC737B3}
		{30FC2A45-0D68-3254-A98D-0AC2CCF80217} = {0BFBE63A-B98A-3411-8EEB-8918FEC737B3}
		{00571FBE-E65B-346C-B9BC-4AA214133E6B} = {7B5CFB44-F0FB-31DF-AE62-C3C096A29A7B}
		{08D722DA-3EBA-390E-B0CE-F52EB6DDEA4E} = {57713676-9DBE-331C-AD10-26632AC9EE0C}
		{526F8013-6FFC-32F4-8A4F-2126BF2BEA42} = {57713676-9DBE-331C-AD10-26632AC9EE0C}
		{DD5A76EE-1D23-3E57-AEAF-C9A7CC2153C0} = {57713676-9DBE-331C-AD10-26632AC9EE0C}
		{CE0322E9-8E74-3CF2-B039-30601A034BF1} = {57713676-9DBE-331C-AD10-26632AC9EE0C}
		{38EE9DC2-D6B9-3132-8033-6FE61C32E697} = {57713676-9DBE-331C-AD10-26632AC9EE0C}
		{0B970A8F-01E4-3EE7-B1C1-D61CDFAAF2FB} = {57713676-9DBE-331C-AD10-26632AC9EE0C}
		{149E9313-4BDA-3ABC-8C1E-24A1F17081EE} = {57713676-9DBE-331C-AD10-26632AC9EE0C}
		{75E64106-86D6-39E2-8A70-D89B21968C9C} = {57713676-9DBE-331C-AD10-26632AC9EE0C}
		{EDE0AB5B-84FF-3DF6-91DB-0D9C67801A2D} = {57713676-9DBE-331C-AD10-26632AC9EE0C}
		{970322C5-A6F8-3335-AE2A-EA8C099689A9} = {57713676-9DBE-331C-AD10-26632AC9EE0C}
		{DCB4BA07-0C32-3671-94EC-2DD8EE81EB6E} = {57713676-9DBE-331C-AD10-26632AC9EE0C}
		{815687F3-50AD-36D7-AC5D-96D0BD4E9D91} = {57713676-9DBE-331C-AD10-26632AC9EE0C}
		{7F90B310-78D2-36FF-BA79-FC72392450C7} = {57713676-9DBE-331C-AD10-26632AC9EE0C}
		{0F6B8878-AD87-32C2-AAEB-5ED19A6B86BE} = {57713676-9DBE-331C-AD10-26632AC9EE0C}
		{54EB651C-95AB-3C3E-93C5-7086E4E6F01F} = {57713676-9DBE-331C-AD10-26632AC9EE0C}
		{427307E8-8B9F-33C7-966C-5DFD5F7A8427} = {57713676-9DBE-331C-AD10-26632AC9EE0C}
		{28C8590A-7317-3C21-8F12-73465706BA6B} = {57713676-9DBE-331C-AD10-26632AC9EE0C}
		{490537D3-86B6-33F6-A2A8-FF501553E563} = {57713676-9DBE-331C-AD10-26632AC9EE0C}
		{A5BA05FC-3E95-3E14-A901-CDDB234C3F61} = {57713676-9DBE-331C-AD10-26632AC9EE0C}
		{65EF2535-3DE6-387C-B79D-066B7F17192F} = {57713676-9DBE-331C-AD10-26632AC9EE0C}
		{75AF92F5-95A2-3C8C-A656-8B8C6617297F} = {57713676-9DBE-331C-AD10-26632AC9EE0C}
		{4A32E549-A8ED-3BE5-9525-101375679248} = {C2F57ECE-B26F-39D8-BDA7-C1D40BD8F180}
		{78300FB0-3EC7-343C-BC53-61A67B798C9E} = {C2F57ECE-B26F-39D8-BDA7-C1D40BD8F180}
		{F9FA6B36-B3BB-3786-B4BF-BD53DC680351} = {C2F57ECE-B26F-39D8-BDA7-C1D40BD8F180}
		{978D24EA-553D-3D7C-A709-1C13D8D20A42} = {C2F57ECE-B26F-39D8-BDA7-C1D40BD8F180}
	EndGlobalSection
	GlobalSection(ddbf523f-7eb6-4887-bd51-85a714ff87eb) = preSolution
		AvailablePlatforms = Win64
	EndGlobalSection
EndGlobal
