
Microsoft Visual Studio Solution File, Format Version 11.00
# Visual Studio 2010
Project("{FAE04EC0-301F-11D3-BF4B-00C04F79EFBC}") = "PhotonUnityNetworking.Utilities", "PhotonUnityNetworking.Utilities.csproj", "{15fc4cda-106b-ea8b-fd19-7445bcb68db4}"
EndProject
Project("{FAE04EC0-301F-11D3-BF4B-00C04F79EFBC}") = "Assembly-CSharp", "Assembly-CSharp.csproj", "{d4ece762-2c96-d47e-ef7d-e8eee562d5f6}"
EndProject
Project("{FAE04EC0-301F-11D3-BF4B-00C04F79EFBC}") = "PhotonUnityNetworking.Demos", "PhotonUnityNetworking.Demos.csproj", "{f764cede-6c9b-bd3f-d388-de53235e1996}"
EndProject
Project("{FAE04EC0-301F-11D3-BF4B-00C04F79EFBC}") = "PhotonUnityNetworking", "PhotonUnityNetworking.csproj", "{7f2f95c0-2f92-c5e3-00ef-d36263180037}"
EndProject
Project("{FAE04EC0-301F-11D3-BF4B-00C04F79EFBC}") = "PhotonChat", "PhotonChat.csproj", "{8c10b718-569f-aef5-f2dd-09bb3c3ec48f}"
EndProject
Project("{FAE04EC0-301F-11D3-BF4B-00C04F79EFBC}") = "PhotonRealtime", "PhotonRealtime.csproj", "{2b8fc0ec-3a92-6436-8def-61e331051d74}"
EndProject
Project("{FAE04EC0-301F-11D3-BF4B-00C04F79EFBC}") = "PhotonUnityNetworking.Editor", "PhotonUnityNetworking.Editor.csproj", "{7469d666-a217-5d47-0b9f-0afabf268b31}"
EndProject
Project("{FAE04EC0-301F-11D3-BF4B-00C04F79EFBC}") = "PhotonUnityNetworking.Utilities.PhotonPlayer.Editor", "PhotonUnityNetworking.Utilities.PhotonPlayer.Editor.csproj", "{4e334292-d442-0ff8-43d0-8e28499c1e82}"
EndProject
Project("{FAE04EC0-301F-11D3-BF4B-00C04F79EFBC}") = "PunDemos.DemoSlotcarEditor", "PunDemos.DemoSlotcarEditor.csproj", "{a4f1518d-4a52-6528-c77c-fdd8e16c7ca5}"
EndProject
Project("{FAE04EC0-301F-11D3-BF4B-00C04F79EFBC}") = "PhotonUnityNetworking.Utilities.Culling.Editor", "PhotonUnityNetworking.Utilities.Culling.Editor.csproj", "{98709ad1-6401-fb11-d466-b57f67570598}"
EndProject
Project("{FAE04EC0-301F-11D3-BF4B-00C04F79EFBC}") = "PunDemos.DemoHubEditor", "PunDemos.DemoHubEditor.csproj", "{2f6cb7e5-67f4-b774-3720-1cd72269fb17}"
EndProject
Global
	GlobalSection(SolutionConfigurationPlatforms) = preSolution
		Debug|Any CPU = Debug|Any CPU
	EndGlobalSection
	GlobalSection(ProjectConfigurationPlatforms) = postSolution
		{15fc4cda-106b-ea8b-fd19-7445bcb68db4}.Debug|Any CPU.ActiveCfg = Debug|Any CPU
		{15fc4cda-106b-ea8b-fd19-7445bcb68db4}.Debug|Any CPU.Build.0 = Debug|Any CPU
		{d4ece762-2c96-d47e-ef7d-e8eee562d5f6}.Debug|Any CPU.ActiveCfg = Debug|Any CPU
		{d4ece762-2c96-d47e-ef7d-e8eee562d5f6}.Debug|Any CPU.Build.0 = Debug|Any CPU
		{f764cede-6c9b-bd3f-d388-de53235e1996}.Debug|Any CPU.ActiveCfg = Debug|Any CPU
		{f764cede-6c9b-bd3f-d388-de53235e1996}.Debug|Any CPU.Build.0 = Debug|Any CPU
		{7f2f95c0-2f92-c5e3-00ef-d36263180037}.Debug|Any CPU.ActiveCfg = Debug|Any CPU
		{7f2f95c0-2f92-c5e3-00ef-d36263180037}.Debug|Any CPU.Build.0 = Debug|Any CPU
		{8c10b718-569f-aef5-f2dd-09bb3c3ec48f}.Debug|Any CPU.ActiveCfg = Debug|Any CPU
		{8c10b718-569f-aef5-f2dd-09bb3c3ec48f}.Debug|Any CPU.Build.0 = Debug|Any CPU
		{2b8fc0ec-3a92-6436-8def-61e331051d74}.Debug|Any CPU.ActiveCfg = Debug|Any CPU
		{2b8fc0ec-3a92-6436-8def-61e331051d74}.Debug|Any CPU.Build.0 = Debug|Any CPU
		{7469d666-a217-5d47-0b9f-0afabf268b31}.Debug|Any CPU.ActiveCfg = Debug|Any CPU
		{7469d666-a217-5d47-0b9f-0afabf268b31}.Debug|Any CPU.Build.0 = Debug|Any CPU
		{4e334292-d442-0ff8-43d0-8e28499c1e82}.Debug|Any CPU.ActiveCfg = Debug|Any CPU
		{4e334292-d442-0ff8-43d0-8e28499c1e82}.Debug|Any CPU.Build.0 = Debug|Any CPU
		{a4f1518d-4a52-6528-c77c-fdd8e16c7ca5}.Debug|Any CPU.ActiveCfg = Debug|Any CPU
		{a4f1518d-4a52-6528-c77c-fdd8e16c7ca5}.Debug|Any CPU.Build.0 = Debug|Any CPU
		{98709ad1-6401-fb11-d466-b57f67570598}.Debug|Any CPU.ActiveCfg = Debug|Any CPU
		{98709ad1-6401-fb11-d466-b57f67570598}.Debug|Any CPU.Build.0 = Debug|Any CPU
		{2f6cb7e5-67f4-b774-3720-1cd72269fb17}.Debug|Any CPU.ActiveCfg = Debug|Any CPU
		{2f6cb7e5-67f4-b774-3720-1cd72269fb17}.Debug|Any CPU.Build.0 = Debug|Any CPU
	EndGlobalSection
	GlobalSection(SolutionProperties) = preSolution
		HideSolutionNode = FALSE
	EndGlobalSection
EndGlobal
