
Microsoft Visual Studio Solution File, Format Version 12.00
# Visual Studio 15
Project("{FAE04EC0-301F-11D3-BF4B-00C04F79EFBC}") = "PhotonUnityNetworking.Utilities", "PhotonUnityNetworking.Utilities.csproj", "{DA4CFC15-6B10-8BEA-FD19-7445BCB68DB4}"
EndProject
Project("{FAE04EC0-301F-11D3-BF4B-00C04F79EFBC}") = "Assembly-CSharp", "Assembly-CSharp.csproj", "{62E7ECD4-962C-7ED4-EF7D-E8EEE562D5F6}"
EndProject
Project("{FAE04EC0-301F-11D3-BF4B-00C04F79EFBC}") = "PhotonUnityNetworking.Demos", "PhotonUnityNetworking.Demos.csproj", "{DECE64F7-9B6C-3FBD-D388-DE53235E1996}"
EndProject
Project("{FAE04EC0-301F-11D3-BF4B-00C04F79EFBC}") = "PhotonUnityNetworking", "PhotonUnityNetworking.csproj", "{C0952F7F-922F-E3C5-00EF-D36263180037}"
EndProject
Project("{FAE04EC0-301F-11D3-BF4B-00C04F79EFBC}") = "PhotonChat", "PhotonChat.csproj", "{18B7108C-9F56-F5AE-F2DD-09BB3C3EC48F}"
EndProject
Project("{FAE04EC0-301F-11D3-BF4B-00C04F79EFBC}") = "PhotonRealtime", "PhotonRealtime.csproj", "{ECC08F2B-923A-3664-8DEF-61E331051D74}"
EndProject
Project("{FAE04EC0-301F-11D3-BF4B-00C04F79EFBC}") = "PhotonUnityNetworking.Editor", "PhotonUnityNetworking.Editor.csproj", "{66D66974-17A2-475D-0B9F-0AFABF268B31}"
EndProject
Project("{FAE04EC0-301F-11D3-BF4B-00C04F79EFBC}") = "PhotonUnityNetworking.Utilities.PhotonPlayer.Editor", "PhotonUnityNetworking.Utilities.PhotonPlayer.Editor.csproj", "{9242334E-42D4-F80F-43D0-8E28499C1E82}"
EndProject
Project("{FAE04EC0-301F-11D3-BF4B-00C04F79EFBC}") = "PunDemos.DemoSlotcarEditor", "PunDemos.DemoSlotcarEditor.csproj", "{8D51F1A4-524A-2865-C77C-FDD8E16C7CA5}"
EndProject
Project("{FAE04EC0-301F-11D3-BF4B-00C04F79EFBC}") = "PhotonUnityNetworking.Utilities.Culling.Editor", "PhotonUnityNetworking.Utilities.Culling.Editor.csproj", "{D19A7098-0164-11FB-D466-B57F67570598}"
EndProject
Project("{FAE04EC0-301F-11D3-BF4B-00C04F79EFBC}") = "PunDemos.DemoHubEditor", "PunDemos.DemoHubEditor.csproj", "{E5B76C2F-F467-74B7-3720-1CD72269FB17}"
EndProject
Global
	GlobalSection(SolutionConfigurationPlatforms) = preSolution
		Debug|Any CPU = Debug|Any CPU
		Release|Any CPU = Release|Any CPU
	EndGlobalSection
	GlobalSection(ProjectConfigurationPlatforms) = postSolution
		{DA4CFC15-6B10-8BEA-FD19-7445BCB68DB4}.Debug|Any CPU.ActiveCfg = Debug|Any CPU
		{DA4CFC15-6B10-8BEA-FD19-7445BCB68DB4}.Debug|Any CPU.Build.0 = Debug|Any CPU
		{DA4CFC15-6B10-8BEA-FD19-7445BCB68DB4}.Release|Any CPU.ActiveCfg = Release|Any CPU
		{DA4CFC15-6B10-8BEA-FD19-7445BCB68DB4}.Release|Any CPU.Build.0 = Release|Any CPU
		{62E7ECD4-962C-7ED4-EF7D-E8EEE562D5F6}.Debug|Any CPU.ActiveCfg = Debug|Any CPU
		{62E7ECD4-962C-7ED4-EF7D-E8EEE562D5F6}.Debug|Any CPU.Build.0 = Debug|Any CPU
		{62E7ECD4-962C-7ED4-EF7D-E8EEE562D5F6}.Release|Any CPU.ActiveCfg = Release|Any CPU
		{62E7ECD4-962C-7ED4-EF7D-E8EEE562D5F6}.Release|Any CPU.Build.0 = Release|Any CPU
		{DECE64F7-9B6C-3FBD-D388-DE53235E1996}.Debug|Any CPU.ActiveCfg = Debug|Any CPU
		{DECE64F7-9B6C-3FBD-D388-DE53235E1996}.Debug|Any CPU.Build.0 = Debug|Any CPU
		{DECE64F7-9B6C-3FBD-D388-DE53235E1996}.Release|Any CPU.ActiveCfg = Release|Any CPU
		{DECE64F7-9B6C-3FBD-D388-DE53235E1996}.Release|Any CPU.Build.0 = Release|Any CPU
		{C0952F7F-922F-E3C5-00EF-D36263180037}.Debug|Any CPU.ActiveCfg = Debug|Any CPU
		{C0952F7F-922F-E3C5-00EF-D36263180037}.Debug|Any CPU.Build.0 = Debug|Any CPU
		{C0952F7F-922F-E3C5-00EF-D36263180037}.Release|Any CPU.ActiveCfg = Release|Any CPU
		{C0952F7F-922F-E3C5-00EF-D36263180037}.Release|Any CPU.Build.0 = Release|Any CPU
		{18B7108C-9F56-F5AE-F2DD-09BB3C3EC48F}.Debug|Any CPU.ActiveCfg = Debug|Any CPU
		{18B7108C-9F56-F5AE-F2DD-09BB3C3EC48F}.Debug|Any CPU.Build.0 = Debug|Any CPU
		{18B7108C-9F56-F5AE-F2DD-09BB3C3EC48F}.Release|Any CPU.ActiveCfg = Release|Any CPU
		{18B7108C-9F56-F5AE-F2DD-09BB3C3EC48F}.Release|Any CPU.Build.0 = Release|Any CPU
		{ECC08F2B-923A-3664-8DEF-61E331051D74}.Debug|Any CPU.ActiveCfg = Debug|Any CPU
		{ECC08F2B-923A-3664-8DEF-61E331051D74}.Debug|Any CPU.Build.0 = Debug|Any CPU
		{ECC08F2B-923A-3664-8DEF-61E331051D74}.Release|Any CPU.ActiveCfg = Release|Any CPU
		{ECC08F2B-923A-3664-8DEF-61E331051D74}.Release|Any CPU.Build.0 = Release|Any CPU
		{66D66974-17A2-475D-0B9F-0AFABF268B31}.Debug|Any CPU.ActiveCfg = Debug|Any CPU
		{66D66974-17A2-475D-0B9F-0AFABF268B31}.Debug|Any CPU.Build.0 = Debug|Any CPU
		{66D66974-17A2-475D-0B9F-0AFABF268B31}.Release|Any CPU.ActiveCfg = Release|Any CPU
		{66D66974-17A2-475D-0B9F-0AFABF268B31}.Release|Any CPU.Build.0 = Release|Any CPU
		{9242334E-42D4-F80F-43D0-8E28499C1E82}.Debug|Any CPU.ActiveCfg = Debug|Any CPU
		{9242334E-42D4-F80F-43D0-8E28499C1E82}.Debug|Any CPU.Build.0 = Debug|Any CPU
		{9242334E-42D4-F80F-43D0-8E28499C1E82}.Release|Any CPU.ActiveCfg = Release|Any CPU
		{9242334E-42D4-F80F-43D0-8E28499C1E82}.Release|Any CPU.Build.0 = Release|Any CPU
		{8D51F1A4-524A-2865-C77C-FDD8E16C7CA5}.Debug|Any CPU.ActiveCfg = Debug|Any CPU
		{8D51F1A4-524A-2865-C77C-FDD8E16C7CA5}.Debug|Any CPU.Build.0 = Debug|Any CPU
		{8D51F1A4-524A-2865-C77C-FDD8E16C7CA5}.Release|Any CPU.ActiveCfg = Release|Any CPU
		{8D51F1A4-524A-2865-C77C-FDD8E16C7CA5}.Release|Any CPU.Build.0 = Release|Any CPU
		{D19A7098-0164-11FB-D466-B57F67570598}.Debug|Any CPU.ActiveCfg = Debug|Any CPU
		{D19A7098-0164-11FB-D466-B57F67570598}.Debug|Any CPU.Build.0 = Debug|Any CPU
		{D19A7098-0164-11FB-D466-B57F67570598}.Release|Any CPU.ActiveCfg = Release|Any CPU
		{D19A7098-0164-11FB-D466-B57F67570598}.Release|Any CPU.Build.0 = Release|Any CPU
		{E5B76C2F-F467-74B7-3720-1CD72269FB17}.Debug|Any CPU.ActiveCfg = Debug|Any CPU
		{E5B76C2F-F467-74B7-3720-1CD72269FB17}.Debug|Any CPU.Build.0 = Debug|Any CPU
		{E5B76C2F-F467-74B7-3720-1CD72269FB17}.Release|Any CPU.ActiveCfg = Release|Any CPU
		{E5B76C2F-F467-74B7-3720-1CD72269FB17}.Release|Any CPU.Build.0 = Release|Any CPU
	EndGlobalSection
	GlobalSection(SolutionProperties) = preSolution
		HideSolutionNode = FALSE
	EndGlobalSection
EndGlobal
